
Microsoft Visual Studio Solution File, Format Version 12.00
# Visual Studio Version 17
VisualStudioVersion = 17.0.31903.59
MinimumVisualStudioVersion = 10.0.40219.1
Project("{2150E333-8FDC-42A3-9474-1A3956D46DE8}") = "applications", "applications", "{A10A91C2-6485-6656-963B-F6FCBC812542}"
EndProject
Project("{FAE04EC0-301F-11D3-BF4B-00C04F79EFBC}") = "OpenGitBase.Api", "applications\OpenGitBase.Api\OpenGitBase.Api.csproj", "{914530A2-65B9-4608-A82C-7E4E94309C15}"
EndProject
Project("{2150E333-8FDC-42A3-9474-1A3956D46DE8}") = "common", "common", "{881589EE-639B-0A35-DBCE-5D94E4FC90C0}"
EndProject
Project("{FAE04EC0-301F-11D3-BF4B-00C04F79EFBC}") = "OpenGitBase.Cqrs", "common\OpenGitBase.Cqrs\OpenGitBase.Cqrs.csproj", "{3523AF70-8F75-4A1A-BF2D-422576A5BEF9}"
EndProject
Project("{FAE04EC0-301F-11D3-BF4B-00C04F79EFBC}") = "OpenGitBase.Cqrs.EfCore", "common\OpenGitBase.Cqrs.EfCore\OpenGitBase.Cqrs.EfCore.csproj", "{EAA1C964-43E6-407A-96AF-9CE4512FE354}"
EndProject
Project("{FAE04EC0-301F-11D3-BF4B-00C04F79EFBC}") = "OpenGitBase.Common", "common\OpenGitBase.Common\OpenGitBase.Common.csproj", "{F4087CF5-0B5D-4F28-85F4-EA73832C234E}"
EndProject
Project("{2150E333-8FDC-42A3-9474-1A3956D46DE8}") = "tests", "tests", "{0AB3BF05-4346-4AA6-1389-037BE0695223}"
EndProject
Project("{FAE04EC0-301F-11D3-BF4B-00C04F79EFBC}") = "OpenGitBase.Common.Tests", "tests\OpenGitBase.Common.Tests\OpenGitBase.Common.Tests.csproj", "{E342C87D-C6DE-4B95-9B41-5964CCBAB1CA}"
EndProject
Project("{FAE04EC0-301F-11D3-BF4B-00C04F79EFBC}") = "OpenGitBase.Api.Tests", "tests\OpenGitBase.Api.Tests\OpenGitBase.Api.Tests.csproj", "{EB2A86CD-E781-4D90-BE05-5B5FB046D13B}"
EndProject
Project("{FAE04EC0-301F-11D3-BF4B-00C04F79EFBC}") = "OpenGitBase.Common.SendGrid", "common\OpenGitBase.Common.SendGrid\OpenGitBase.Common.SendGrid.csproj", "{C4EC9178-73AF-471B-84F6-2BD7473215ED}"
EndProject
Project("{2150E333-8FDC-42A3-9474-1A3956D46DE8}") = "features", "features", "{9792E6E2-564B-9699-7DA2-9F7194AE82F6}"
EndProject
Project("{2150E333-8FDC-42A3-9474-1A3956D46DE8}") = "users", "users", "{E97D6200-04BB-3C6B-958C-F5C3D7CC0B21}"
EndProject
Project("{FAE04EC0-301F-11D3-BF4B-00C04F79EFBC}") = "OpenGitBase.Features.Users.Contracts", "features\users\OpenGitBase.Features.Users.Contracts\OpenGitBase.Features.Users.Contracts.csproj", "{70E858D2-8224-46CC-9B6B-2AA7D90B79BE}"
EndProject
Project("{FAE04EC0-301F-11D3-BF4B-00C04F79EFBC}") = "OpenGitBase.Features.Users", "features\users\OpenGitBase.Features.Users\OpenGitBase.Features.Users.csproj", "{B7EB4086-7AF4-4C16-A6B4-8D168CD3318E}"
EndProject
Project("{FAE04EC0-301F-11D3-BF4B-00C04F79EFBC}") = "OpenGitBase.Features.Users.Tests", "tests\OpenGitBase.Features.Users.Tests\OpenGitBase.Features.Users.Tests.csproj", "{444FBBF7-51ED-4809-8B87-407D56569CBF}"
EndProject
Project("{2150E333-8FDC-42A3-9474-1A3956D46DE8}") = "public-git-ssh-key", "public-git-ssh-key", "{F86EA8EF-DF04-3EAB-926F-AD80452D5758}"
EndProject
Project("{FAE04EC0-301F-11D3-BF4B-00C04F79EFBC}") = "OpenGitBase.Features.PublicGitSshKey.Contracts", "features\public-git-ssh-key\OpenGitBase.Features.PublicGitSshKey.Contracts\OpenGitBase.Features.PublicGitSshKey.Contracts.csproj", "{1725C505-704E-46F3-86BE-3B486576C67B}"
EndProject
Project("{FAE04EC0-301F-11D3-BF4B-00C04F79EFBC}") = "OpenGitBase.Features.PublicGitSshKey", "features\public-git-ssh-key\OpenGitBase.Features.PublicGitSshKey\OpenGitBase.Features.PublicGitSshKey.csproj", "{27BB85B7-10BB-433C-B0FB-E3C374D269EB}"
EndProject
Project("{FAE04EC0-301F-11D3-BF4B-00C04F79EFBC}") = "OpenGitBase.Features.PublicGitSshKey.Tests", "tests\OpenGitBase.Features.PublicGitSshKey.Tests\OpenGitBase.Features.PublicGitSshKey.Tests.csproj", "{7E851C73-F931-40A2-AD8E-B74D8F12A227}"
EndProject
Project("{2150E333-8FDC-42A3-9474-1A3956D46DE8}") = "repository", "repository", "{B0991A2B-7CAB-9F13-4542-32A5CC079B81}"
EndProject
Project("{FAE04EC0-301F-11D3-BF4B-00C04F79EFBC}") = "OpenGitBase.Features.Repository.Contracts", "features\repository\OpenGitBase.Features.Repository.Contracts\OpenGitBase.Features.Repository.Contracts.csproj", "{8E83844B-8682-4F71-B171-4730E3295AB3}"
EndProject
Project("{FAE04EC0-301F-11D3-BF4B-00C04F79EFBC}") = "OpenGitBase.Features.Repository", "features\repository\OpenGitBase.Features.Repository\OpenGitBase.Features.Repository.csproj", "{3CD6BA10-7FFB-4196-8321-1A8593AC04F1}"
EndProject
Project("{FAE04EC0-301F-11D3-BF4B-00C04F79EFBC}") = "OpenGitBase.Features.Repository.Tests", "tests\OpenGitBase.Features.Repository.Tests\OpenGitBase.Features.Repository.Tests.csproj", "{CDAFE306-ACAD-40EE-872C-67E3C69A6773}"
EndProject
Project("{FAE04EC0-301F-11D3-BF4B-00C04F79EFBC}") = "OpenGitBase.Cqrs.Tests", "tests\OpenGitBase.Cqrs.Tests\OpenGitBase.Cqrs.Tests.csproj", "{429C0D54-2622-44DD-83AD-74DF85548497}"
EndProject
Project("{2150E333-8FDC-42A3-9474-1A3956D46DE8}") = "repository-member", "repository-member", "{445FC201-B9BC-929B-F7BB-AA0358E5A1FF}"
EndProject
Project("{FAE04EC0-301F-11D3-BF4B-00C04F79EFBC}") = "OpenGitBase.Features.RepositoryMember.Contracts", "features\repository-member\OpenGitBase.Features.RepositoryMember.Contracts\OpenGitBase.Features.RepositoryMember.Contracts.csproj", "{DF39CED1-A862-463A-BB81-6901F2DFE6DA}"
EndProject
Project("{FAE04EC0-301F-11D3-BF4B-00C04F79EFBC}") = "OpenGitBase.Features.RepositoryMember", "features\repository-member\OpenGitBase.Features.RepositoryMember\OpenGitBase.Features.RepositoryMember.csproj", "{8C103557-F8EF-48E9-B3F0-E742E5C372FE}"
EndProject
Project("{FAE04EC0-301F-11D3-BF4B-00C04F79EFBC}") = "OpenGitBase.Features.RepositoryMember.Tests", "tests\OpenGitBase.Features.RepositoryMember.Tests\OpenGitBase.Features.RepositoryMember.Tests.csproj", "{BA4A907F-7567-4B42-BB29-810BF867F041}"
EndProject
Project("{FAE04EC0-301F-11D3-BF4B-00C04F79EFBC}") = "OpenGitBase.Dispatcher", "applications\OpenGitBase.Dispatcher\OpenGitBase.Dispatcher.csproj", "{104872C6-B312-4379-A4C6-1698359BA526}"
EndProject
Project("{2150E333-8FDC-42A3-9474-1A3956D46DE8}") = "organization", "organization", "{EC7A101C-5100-2383-AD4D-983620236C2B}"
EndProject
Project("{FAE04EC0-301F-11D3-BF4B-00C04F79EFBC}") = "OpenGitBase.Features.Organization.Contracts", "features\organization\OpenGitBase.Features.Organization.Contracts\OpenGitBase.Features.Organization.Contracts.csproj", "{27BA8AB8-9ADD-43D3-B98C-3194002B1879}"
EndProject
Project("{FAE04EC0-301F-11D3-BF4B-00C04F79EFBC}") = "OpenGitBase.Features.Organization", "features\organization\OpenGitBase.Features.Organization\OpenGitBase.Features.Organization.csproj", "{2BAAD907-5FB7-4B42-995A-6882B1A8D88F}"
EndProject
Project("{FAE04EC0-301F-11D3-BF4B-00C04F79EFBC}") = "OpenGitBase.Features.Organization.Tests", "tests\OpenGitBase.Features.Organization.Tests\OpenGitBase.Features.Organization.Tests.csproj", "{7025B1FD-3B15-4509-BA11-2B33059E273A}"
EndProject
Project("{2150E333-8FDC-42A3-9474-1A3956D46DE8}") = "storage-node", "storage-node", "{9E24F755-5D80-203A-F1C6-C8BB7E7851BE}"
EndProject
Project("{FAE04EC0-301F-11D3-BF4B-00C04F79EFBC}") = "OpenGitBase.Features.StorageNode.Contracts", "features\storage-node\OpenGitBase.Features.StorageNode.Contracts\OpenGitBase.Features.StorageNode.Contracts.csproj", "{1BFEFC7B-68DD-41D2-A4B3-AF784D14FAA6}"
EndProject
Project("{FAE04EC0-301F-11D3-BF4B-00C04F79EFBC}") = "OpenGitBase.Features.StorageNode", "features\storage-node\OpenGitBase.Features.StorageNode\OpenGitBase.Features.StorageNode.csproj", "{81E07EDC-798A-4CC9-A1AB-7869D528DDCE}"
EndProject
Project("{FAE04EC0-301F-11D3-BF4B-00C04F79EFBC}") = "OpenGitBase.Features.StorageNode.Tests", "tests\OpenGitBase.Features.StorageNode.Tests\OpenGitBase.Features.StorageNode.Tests.csproj", "{F3125B05-99F8-4D81-B50E-4AF188356C18}"
EndProject
Project("{FAE04EC0-301F-11D3-BF4B-00C04F79EFBC}") = "OpenGitBase.Dispatcher.Tests", "tests\OpenGitBase.Dispatcher.Tests\OpenGitBase.Dispatcher.Tests.csproj", "{226D90F8-0CF1-4DEA-B57A-A80E4929D2C1}"
EndProject
Project("{2150E333-8FDC-42A3-9474-1A3956D46DE8}") = "git-access-token", "git-access-token", "{D7D5C5E0-691F-3CC1-6D84-21729492A314}"
EndProject
Project("{FAE04EC0-301F-11D3-BF4B-00C04F79EFBC}") = "OpenGitBase.Features.GitAccessToken.Contracts", "features\git-access-token\OpenGitBase.Features.GitAccessToken.Contracts\OpenGitBase.Features.GitAccessToken.Contracts.csproj", "{F103BB37-EF86-4551-948C-FBF352161A63}"
EndProject
Project("{FAE04EC0-301F-11D3-BF4B-00C04F79EFBC}") = "OpenGitBase.Features.GitAccessToken", "features\git-access-token\OpenGitBase.Features.GitAccessToken\OpenGitBase.Features.GitAccessToken.csproj", "{AA8D11E5-25AA-4E9F-A3C2-86E868F23FAE}"
EndProject
Project("{FAE04EC0-301F-11D3-BF4B-00C04F79EFBC}") = "OpenGitBase.Features.GitAccessToken.Tests", "tests\OpenGitBase.Features.GitAccessToken.Tests\OpenGitBase.Features.GitAccessToken.Tests.csproj", "{2DA916B4-E3CF-4757-8254-3245F2A87CE8}"
EndProject
Project("{2150E333-8FDC-42A3-9474-1A3956D46DE8}") = "discussion", "discussion", "{D6598D5D-3A42-0083-35DE-D0FBBC3AF068}"
EndProject
Project("{FAE04EC0-301F-11D3-BF4B-00C04F79EFBC}") = "OpenGitBase.Features.Discussion.Contracts", "features\discussion\OpenGitBase.Features.Discussion.Contracts\OpenGitBase.Features.Discussion.Contracts.csproj", "{D7466A39-BEB0-46B1-A565-30A27DCD113B}"
EndProject
Project("{FAE04EC0-301F-11D3-BF4B-00C04F79EFBC}") = "OpenGitBase.Features.Discussion", "features\discussion\OpenGitBase.Features.Discussion\OpenGitBase.Features.Discussion.csproj", "{8DB726F0-C271-40B7-9CFE-5ED1B07DE398}"
EndProject
Project("{FAE04EC0-301F-11D3-BF4B-00C04F79EFBC}") = "OpenGitBase.Features.Discussion.Tests", "tests\OpenGitBase.Features.Discussion.Tests\OpenGitBase.Features.Discussion.Tests.csproj", "{BEB11B55-B4FD-434B-847C-24B44AF99C6D}"
EndProject
Project("{2150E333-8FDC-42A3-9474-1A3956D46DE8}") = "merge-request", "merge-request", "{FB3A08BD-1297-8078-E253-57285C292FCA}"
EndProject
Project("{FAE04EC0-301F-11D3-BF4B-00C04F79EFBC}") = "OpenGitBase.Features.MergeRequest.Contracts", "features\merge-request\OpenGitBase.Features.MergeRequest.Contracts\OpenGitBase.Features.MergeRequest.Contracts.csproj", "{099753B3-D7BE-4D20-BA4F-644E4D4F95C7}"
EndProject
Project("{FAE04EC0-301F-11D3-BF4B-00C04F79EFBC}") = "OpenGitBase.Features.MergeRequest", "features\merge-request\OpenGitBase.Features.MergeRequest\OpenGitBase.Features.MergeRequest.csproj", "{96D5AD2D-DF5F-466A-BAD3-D0CF7B6969A0}"
EndProject
Project("{FAE04EC0-301F-11D3-BF4B-00C04F79EFBC}") = "OpenGitBase.Features.MergeRequest.Tests", "tests\OpenGitBase.Features.MergeRequest.Tests\OpenGitBase.Features.MergeRequest.Tests.csproj", "{EE4439E9-AACA-4074-AB6B-91A5A97F858F}"
EndProject
Global
	GlobalSection(SolutionConfigurationPlatforms) = preSolution
		Debug|Any CPU = Debug|Any CPU
		Debug|x64 = Debug|x64
		Debug|x86 = Debug|x86
		Release|Any CPU = Release|Any CPU
		Release|x64 = Release|x64
		Release|x86 = Release|x86
	EndGlobalSection
	GlobalSection(ProjectConfigurationPlatforms) = postSolution
		{914530A2-65B9-4608-A82C-7E4E94309C15}.Debug|Any CPU.ActiveCfg = Debug|Any CPU
		{914530A2-65B9-4608-A82C-7E4E94309C15}.Debug|Any CPU.Build.0 = Debug|Any CPU
		{914530A2-65B9-4608-A82C-7E4E94309C15}.Debug|x64.ActiveCfg = Debug|Any CPU
		{914530A2-65B9-4608-A82C-7E4E94309C15}.Debug|x64.Build.0 = Debug|Any CPU
		{914530A2-65B9-4608-A82C-7E4E94309C15}.Debug|x86.ActiveCfg = Debug|Any CPU
		{914530A2-65B9-4608-A82C-7E4E94309C15}.Debug|x86.Build.0 = Debug|Any CPU
		{914530A2-65B9-4608-A82C-7E4E94309C15}.Release|Any CPU.ActiveCfg = Release|Any CPU
		{914530A2-65B9-4608-A82C-7E4E94309C15}.Release|Any CPU.Build.0 = Release|Any CPU
		{914530A2-65B9-4608-A82C-7E4E94309C15}.Release|x64.ActiveCfg = Release|Any CPU
		{914530A2-65B9-4608-A82C-7E4E94309C15}.Release|x64.Build.0 = Release|Any CPU
		{914530A2-65B9-4608-A82C-7E4E94309C15}.Release|x86.ActiveCfg = Release|Any CPU
		{914530A2-65B9-4608-A82C-7E4E94309C15}.Release|x86.Build.0 = Release|Any CPU
		{3523AF70-8F75-4A1A-BF2D-422576A5BEF9}.Debug|Any CPU.ActiveCfg = Debug|Any CPU
		{3523AF70-8F75-4A1A-BF2D-422576A5BEF9}.Debug|Any CPU.Build.0 = Debug|Any CPU
		{3523AF70-8F75-4A1A-BF2D-422576A5BEF9}.Debug|x64.ActiveCfg = Debug|Any CPU
		{3523AF70-8F75-4A1A-BF2D-422576A5BEF9}.Debug|x64.Build.0 = Debug|Any CPU
		{3523AF70-8F75-4A1A-BF2D-422576A5BEF9}.Debug|x86.ActiveCfg = Debug|Any CPU
		{3523AF70-8F75-4A1A-BF2D-422576A5BEF9}.Debug|x86.Build.0 = Debug|Any CPU
		{3523AF70-8F75-4A1A-BF2D-422576A5BEF9}.Release|Any CPU.ActiveCfg = Release|Any CPU
		{3523AF70-8F75-4A1A-BF2D-422576A5BEF9}.Release|Any CPU.Build.0 = Release|Any CPU
		{3523AF70-8F75-4A1A-BF2D-422576A5BEF9}.Release|x64.ActiveCfg = Release|Any CPU
		{3523AF70-8F75-4A1A-BF2D-422576A5BEF9}.Release|x64.Build.0 = Release|Any CPU
		{3523AF70-8F75-4A1A-BF2D-422576A5BEF9}.Release|x86.ActiveCfg = Release|Any CPU
		{3523AF70-8F75-4A1A-BF2D-422576A5BEF9}.Release|x86.Build.0 = Release|Any CPU
		{EAA1C964-43E6-407A-96AF-9CE4512FE354}.Debug|Any CPU.ActiveCfg = Debug|Any CPU
		{EAA1C964-43E6-407A-96AF-9CE4512FE354}.Debug|Any CPU.Build.0 = Debug|Any CPU
		{EAA1C964-43E6-407A-96AF-9CE4512FE354}.Debug|x64.ActiveCfg = Debug|Any CPU
		{EAA1C964-43E6-407A-96AF-9CE4512FE354}.Debug|x64.Build.0 = Debug|Any CPU
		{EAA1C964-43E6-407A-96AF-9CE4512FE354}.Debug|x86.ActiveCfg = Debug|Any CPU
		{EAA1C964-43E6-407A-96AF-9CE4512FE354}.Debug|x86.Build.0 = Debug|Any CPU
		{EAA1C964-43E6-407A-96AF-9CE4512FE354}.Release|Any CPU.ActiveCfg = Release|Any CPU
		{EAA1C964-43E6-407A-96AF-9CE4512FE354}.Release|Any CPU.Build.0 = Release|Any CPU
		{EAA1C964-43E6-407A-96AF-9CE4512FE354}.Release|x64.ActiveCfg = Release|Any CPU
		{EAA1C964-43E6-407A-96AF-9CE4512FE354}.Release|x64.Build.0 = Release|Any CPU
		{EAA1C964-43E6-407A-96AF-9CE4512FE354}.Release|x86.ActiveCfg = Release|Any CPU
		{EAA1C964-43E6-407A-96AF-9CE4512FE354}.Release|x86.Build.0 = Release|Any CPU
		{F4087CF5-0B5D-4F28-85F4-EA73832C234E}.Debug|Any CPU.ActiveCfg = Debug|Any CPU
		{F4087CF5-0B5D-4F28-85F4-EA73832C234E}.Debug|Any CPU.Build.0 = Debug|Any CPU
		{F4087CF5-0B5D-4F28-85F4-EA73832C234E}.Debug|x64.ActiveCfg = Debug|Any CPU
		{F4087CF5-0B5D-4F28-85F4-EA73832C234E}.Debug|x64.Build.0 = Debug|Any CPU
		{F4087CF5-0B5D-4F28-85F4-EA73832C234E}.Debug|x86.ActiveCfg = Debug|Any CPU
		{F4087CF5-0B5D-4F28-85F4-EA73832C234E}.Debug|x86.Build.0 = Debug|Any CPU
		{F4087CF5-0B5D-4F28-85F4-EA73832C234E}.Release|Any CPU.ActiveCfg = Release|Any CPU
		{F4087CF5-0B5D-4F28-85F4-EA73832C234E}.Release|Any CPU.Build.0 = Release|Any CPU
		{F4087CF5-0B5D-4F28-85F4-EA73832C234E}.Release|x64.ActiveCfg = Release|Any CPU
		{F4087CF5-0B5D-4F28-85F4-EA73832C234E}.Release|x64.Build.0 = Release|Any CPU
		{F4087CF5-0B5D-4F28-85F4-EA73832C234E}.Release|x86.ActiveCfg = Release|Any CPU
		{F4087CF5-0B5D-4F28-85F4-EA73832C234E}.Release|x86.Build.0 = Release|Any CPU
		{E342C87D-C6DE-4B95-9B41-5964CCBAB1CA}.Debug|Any CPU.ActiveCfg = Debug|Any CPU
		{E342C87D-C6DE-4B95-9B41-5964CCBAB1CA}.Debug|Any CPU.Build.0 = Debug|Any CPU
		{E342C87D-C6DE-4B95-9B41-5964CCBAB1CA}.Debug|x64.ActiveCfg = Debug|Any CPU
		{E342C87D-C6DE-4B95-9B41-5964CCBAB1CA}.Debug|x64.Build.0 = Debug|Any CPU
		{E342C87D-C6DE-4B95-9B41-5964CCBAB1CA}.Debug|x86.ActiveCfg = Debug|Any CPU
		{E342C87D-C6DE-4B95-9B41-5964CCBAB1CA}.Debug|x86.Build.0 = Debug|Any CPU
		{E342C87D-C6DE-4B95-9B41-5964CCBAB1CA}.Release|Any CPU.ActiveCfg = Release|Any CPU
		{E342C87D-C6DE-4B95-9B41-5964CCBAB1CA}.Release|Any CPU.Build.0 = Release|Any CPU
		{E342C87D-C6DE-4B95-9B41-5964CCBAB1CA}.Release|x64.ActiveCfg = Release|Any CPU
		{E342C87D-C6DE-4B95-9B41-5964CCBAB1CA}.Release|x64.Build.0 = Release|Any CPU
		{E342C87D-C6DE-4B95-9B41-5964CCBAB1CA}.Release|x86.ActiveCfg = Release|Any CPU
		{E342C87D-C6DE-4B95-9B41-5964CCBAB1CA}.Release|x86.Build.0 = Release|Any CPU
		{EB2A86CD-E781-4D90-BE05-5B5FB046D13B}.Debug|Any CPU.ActiveCfg = Debug|Any CPU
		{EB2A86CD-E781-4D90-BE05-5B5FB046D13B}.Debug|Any CPU.Build.0 = Debug|Any CPU
		{EB2A86CD-E781-4D90-BE05-5B5FB046D13B}.Debug|x64.ActiveCfg = Debug|Any CPU
		{EB2A86CD-E781-4D90-BE05-5B5FB046D13B}.Debug|x64.Build.0 = Debug|Any CPU
		{EB2A86CD-E781-4D90-BE05-5B5FB046D13B}.Debug|x86.ActiveCfg = Debug|Any CPU
		{EB2A86CD-E781-4D90-BE05-5B5FB046D13B}.Debug|x86.Build.0 = Debug|Any CPU
		{EB2A86CD-E781-4D90-BE05-5B5FB046D13B}.Release|Any CPU.ActiveCfg = Release|Any CPU
		{EB2A86CD-E781-4D90-BE05-5B5FB046D13B}.Release|Any CPU.Build.0 = Release|Any CPU
		{EB2A86CD-E781-4D90-BE05-5B5FB046D13B}.Release|x64.ActiveCfg = Release|Any CPU
		{EB2A86CD-E781-4D90-BE05-5B5FB046D13B}.Release|x64.Build.0 = Release|Any CPU
		{EB2A86CD-E781-4D90-BE05-5B5FB046D13B}.Release|x86.ActiveCfg = Release|Any CPU
		{EB2A86CD-E781-4D90-BE05-5B5FB046D13B}.Release|x86.Build.0 = Release|Any CPU
		{C4EC9178-73AF-471B-84F6-2BD7473215ED}.Debug|Any CPU.ActiveCfg = Debug|Any CPU
		{C4EC9178-73AF-471B-84F6-2BD7473215ED}.Debug|Any CPU.Build.0 = Debug|Any CPU
		{C4EC9178-73AF-471B-84F6-2BD7473215ED}.Debug|x64.ActiveCfg = Debug|Any CPU
		{C4EC9178-73AF-471B-84F6-2BD7473215ED}.Debug|x64.Build.0 = Debug|Any CPU
		{C4EC9178-73AF-471B-84F6-2BD7473215ED}.Debug|x86.ActiveCfg = Debug|Any CPU
		{C4EC9178-73AF-471B-84F6-2BD7473215ED}.Debug|x86.Build.0 = Debug|Any CPU
		{C4EC9178-73AF-471B-84F6-2BD7473215ED}.Release|Any CPU.ActiveCfg = Release|Any CPU
		{C4EC9178-73AF-471B-84F6-2BD7473215ED}.Release|Any CPU.Build.0 = Release|Any CPU
		{C4EC9178-73AF-471B-84F6-2BD7473215ED}.Release|x64.ActiveCfg = Release|Any CPU
		{C4EC9178-73AF-471B-84F6-2BD7473215ED}.Release|x64.Build.0 = Release|Any CPU
		{C4EC9178-73AF-471B-84F6-2BD7473215ED}.Release|x86.ActiveCfg = Release|Any CPU
		{C4EC9178-73AF-471B-84F6-2BD7473215ED}.Release|x86.Build.0 = Release|Any CPU
		{70E858D2-8224-46CC-9B6B-2AA7D90B79BE}.Debug|Any CPU.ActiveCfg = Debug|Any CPU
		{70E858D2-8224-46CC-9B6B-2AA7D90B79BE}.Debug|Any CPU.Build.0 = Debug|Any CPU
		{70E858D2-8224-46CC-9B6B-2AA7D90B79BE}.Debug|x64.ActiveCfg = Debug|Any CPU
		{70E858D2-8224-46CC-9B6B-2AA7D90B79BE}.Debug|x64.Build.0 = Debug|Any CPU
		{70E858D2-8224-46CC-9B6B-2AA7D90B79BE}.Debug|x86.ActiveCfg = Debug|Any CPU
		{70E858D2-8224-46CC-9B6B-2AA7D90B79BE}.Debug|x86.Build.0 = Debug|Any CPU
		{70E858D2-8224-46CC-9B6B-2AA7D90B79BE}.Release|Any CPU.ActiveCfg = Release|Any CPU
		{70E858D2-8224-46CC-9B6B-2AA7D90B79BE}.Release|Any CPU.Build.0 = Release|Any CPU
		{70E858D2-8224-46CC-9B6B-2AA7D90B79BE}.Release|x64.ActiveCfg = Release|Any CPU
		{70E858D2-8224-46CC-9B6B-2AA7D90B79BE}.Release|x64.Build.0 = Release|Any CPU
		{70E858D2-8224-46CC-9B6B-2AA7D90B79BE}.Release|x86.ActiveCfg = Release|Any CPU
		{70E858D2-8224-46CC-9B6B-2AA7D90B79BE}.Release|x86.Build.0 = Release|Any CPU
		{B7EB4086-7AF4-4C16-A6B4-8D168CD3318E}.Debug|Any CPU.ActiveCfg = Debug|Any CPU
		{B7EB4086-7AF4-4C16-A6B4-8D168CD3318E}.Debug|Any CPU.Build.0 = Debug|Any CPU
		{B7EB4086-7AF4-4C16-A6B4-8D168CD3318E}.Debug|x64.ActiveCfg = Debug|Any CPU
		{B7EB4086-7AF4-4C16-A6B4-8D168CD3318E}.Debug|x64.Build.0 = Debug|Any CPU
		{B7EB4086-7AF4-4C16-A6B4-8D168CD3318E}.Debug|x86.ActiveCfg = Debug|Any CPU
		{B7EB4086-7AF4-4C16-A6B4-8D168CD3318E}.Debug|x86.Build.0 = Debug|Any CPU
		{B7EB4086-7AF4-4C16-A6B4-8D168CD3318E}.Release|Any CPU.ActiveCfg = Release|Any CPU
		{B7EB4086-7AF4-4C16-A6B4-8D168CD3318E}.Release|Any CPU.Build.0 = Release|Any CPU
		{B7EB4086-7AF4-4C16-A6B4-8D168CD3318E}.Release|x64.ActiveCfg = Release|Any CPU
		{B7EB4086-7AF4-4C16-A6B4-8D168CD3318E}.Release|x64.Build.0 = Release|Any CPU
		{B7EB4086-7AF4-4C16-A6B4-8D168CD3318E}.Release|x86.ActiveCfg = Release|Any CPU
		{B7EB4086-7AF4-4C16-A6B4-8D168CD3318E}.Release|x86.Build.0 = Release|Any CPU
		{444FBBF7-51ED-4809-8B87-407D56569CBF}.Debug|Any CPU.ActiveCfg = Debug|Any CPU
		{444FBBF7-51ED-4809-8B87-407D56569CBF}.Debug|Any CPU.Build.0 = Debug|Any CPU
		{444FBBF7-51ED-4809-8B87-407D56569CBF}.Debug|x64.ActiveCfg = Debug|Any CPU
		{444FBBF7-51ED-4809-8B87-407D56569CBF}.Debug|x64.Build.0 = Debug|Any CPU
		{444FBBF7-51ED-4809-8B87-407D56569CBF}.Debug|x86.ActiveCfg = Debug|Any CPU
		{444FBBF7-51ED-4809-8B87-407D56569CBF}.Debug|x86.Build.0 = Debug|Any CPU
		{444FBBF7-51ED-4809-8B87-407D56569CBF}.Release|Any CPU.ActiveCfg = Release|Any CPU
		{444FBBF7-51ED-4809-8B87-407D56569CBF}.Release|Any CPU.Build.0 = Release|Any CPU
		{444FBBF7-51ED-4809-8B87-407D56569CBF}.Release|x64.ActiveCfg = Release|Any CPU
		{444FBBF7-51ED-4809-8B87-407D56569CBF}.Release|x64.Build.0 = Release|Any CPU
		{444FBBF7-51ED-4809-8B87-407D56569CBF}.Release|x86.ActiveCfg = Release|Any CPU
		{444FBBF7-51ED-4809-8B87-407D56569CBF}.Release|x86.Build.0 = Release|Any CPU
		{1725C505-704E-46F3-86BE-3B486576C67B}.Debug|Any CPU.ActiveCfg = Debug|Any CPU
		{1725C505-704E-46F3-86BE-3B486576C67B}.Debug|Any CPU.Build.0 = Debug|Any CPU
		{1725C505-704E-46F3-86BE-3B486576C67B}.Debug|x64.ActiveCfg = Debug|Any CPU
		{1725C505-704E-46F3-86BE-3B486576C67B}.Debug|x64.Build.0 = Debug|Any CPU
		{1725C505-704E-46F3-86BE-3B486576C67B}.Debug|x86.ActiveCfg = Debug|Any CPU
		{1725C505-704E-46F3-86BE-3B486576C67B}.Debug|x86.Build.0 = Debug|Any CPU
		{1725C505-704E-46F3-86BE-3B486576C67B}.Release|Any CPU.ActiveCfg = Release|Any CPU
		{1725C505-704E-46F3-86BE-3B486576C67B}.Release|Any CPU.Build.0 = Release|Any CPU
		{1725C505-704E-46F3-86BE-3B486576C67B}.Release|x64.ActiveCfg = Release|Any CPU
		{1725C505-704E-46F3-86BE-3B486576C67B}.Release|x64.Build.0 = Release|Any CPU
		{1725C505-704E-46F3-86BE-3B486576C67B}.Release|x86.ActiveCfg = Release|Any CPU
		{1725C505-704E-46F3-86BE-3B486576C67B}.Release|x86.Build.0 = Release|Any CPU
		{27BB85B7-10BB-433C-B0FB-E3C374D269EB}.Debug|Any CPU.ActiveCfg = Debug|Any CPU
		{27BB85B7-10BB-433C-B0FB-E3C374D269EB}.Debug|Any CPU.Build.0 = Debug|Any CPU
		{27BB85B7-10BB-433C-B0FB-E3C374D269EB}.Debug|x64.ActiveCfg = Debug|Any CPU
		{27BB85B7-10BB-433C-B0FB-E3C374D269EB}.Debug|x64.Build.0 = Debug|Any CPU
		{27BB85B7-10BB-433C-B0FB-E3C374D269EB}.Debug|x86.ActiveCfg = Debug|Any CPU
		{27BB85B7-10BB-433C-B0FB-E3C374D269EB}.Debug|x86.Build.0 = Debug|Any CPU
		{27BB85B7-10BB-433C-B0FB-E3C374D269EB}.Release|Any CPU.ActiveCfg = Release|Any CPU
		{27BB85B7-10BB-433C-B0FB-E3C374D269EB}.Release|Any CPU.Build.0 = Release|Any CPU
		{27BB85B7-10BB-433C-B0FB-E3C374D269EB}.Release|x64.ActiveCfg = Release|Any CPU
		{27BB85B7-10BB-433C-B0FB-E3C374D269EB}.Release|x64.Build.0 = Release|Any CPU
		{27BB85B7-10BB-433C-B0FB-E3C374D269EB}.Release|x86.ActiveCfg = Release|Any CPU
		{27BB85B7-10BB-433C-B0FB-E3C374D269EB}.Release|x86.Build.0 = Release|Any CPU
		{7E851C73-F931-40A2-AD8E-B74D8F12A227}.Debug|Any CPU.ActiveCfg = Debug|Any CPU
		{7E851C73-F931-40A2-AD8E-B74D8F12A227}.Debug|Any CPU.Build.0 = Debug|Any CPU
		{7E851C73-F931-40A2-AD8E-B74D8F12A227}.Debug|x64.ActiveCfg = Debug|Any CPU
		{7E851C73-F931-40A2-AD8E-B74D8F12A227}.Debug|x64.Build.0 = Debug|Any CPU
		{7E851C73-F931-40A2-AD8E-B74D8F12A227}.Debug|x86.ActiveCfg = Debug|Any CPU
		{7E851C73-F931-40A2-AD8E-B74D8F12A227}.Debug|x86.Build.0 = Debug|Any CPU
		{7E851C73-F931-40A2-AD8E-B74D8F12A227}.Release|Any CPU.ActiveCfg = Release|Any CPU
		{7E851C73-F931-40A2-AD8E-B74D8F12A227}.Release|Any CPU.Build.0 = Release|Any CPU
		{7E851C73-F931-40A2-AD8E-B74D8F12A227}.Release|x64.ActiveCfg = Release|Any CPU
		{7E851C73-F931-40A2-AD8E-B74D8F12A227}.Release|x64.Build.0 = Release|Any CPU
		{7E851C73-F931-40A2-AD8E-B74D8F12A227}.Release|x86.ActiveCfg = Release|Any CPU
		{7E851C73-F931-40A2-AD8E-B74D8F12A227}.Release|x86.Build.0 = Release|Any CPU
		{8E83844B-8682-4F71-B171-4730E3295AB3}.Debug|Any CPU.ActiveCfg = Debug|Any CPU
		{8E83844B-8682-4F71-B171-4730E3295AB3}.Debug|Any CPU.Build.0 = Debug|Any CPU
		{8E83844B-8682-4F71-B171-4730E3295AB3}.Debug|x64.ActiveCfg = Debug|Any CPU
		{8E83844B-8682-4F71-B171-4730E3295AB3}.Debug|x64.Build.0 = Debug|Any CPU
		{8E83844B-8682-4F71-B171-4730E3295AB3}.Debug|x86.ActiveCfg = Debug|Any CPU
		{8E83844B-8682-4F71-B171-4730E3295AB3}.Debug|x86.Build.0 = Debug|Any CPU
		{8E83844B-8682-4F71-B171-4730E3295AB3}.Release|Any CPU.ActiveCfg = Release|Any CPU
		{8E83844B-8682-4F71-B171-4730E3295AB3}.Release|Any CPU.Build.0 = Release|Any CPU
		{8E83844B-8682-4F71-B171-4730E3295AB3}.Release|x64.ActiveCfg = Release|Any CPU
		{8E83844B-8682-4F71-B171-4730E3295AB3}.Release|x64.Build.0 = Release|Any CPU
		{8E83844B-8682-4F71-B171-4730E3295AB3}.Release|x86.ActiveCfg = Release|Any CPU
		{8E83844B-8682-4F71-B171-4730E3295AB3}.Release|x86.Build.0 = Release|Any CPU
		{3CD6BA10-7FFB-4196-8321-1A8593AC04F1}.Debug|Any CPU.ActiveCfg = Debug|Any CPU
		{3CD6BA10-7FFB-4196-8321-1A8593AC04F1}.Debug|Any CPU.Build.0 = Debug|Any CPU
		{3CD6BA10-7FFB-4196-8321-1A8593AC04F1}.Debug|x64.ActiveCfg = Debug|Any CPU
		{3CD6BA10-7FFB-4196-8321-1A8593AC04F1}.Debug|x64.Build.0 = Debug|Any CPU
		{3CD6BA10-7FFB-4196-8321-1A8593AC04F1}.Debug|x86.ActiveCfg = Debug|Any CPU
		{3CD6BA10-7FFB-4196-8321-1A8593AC04F1}.Debug|x86.Build.0 = Debug|Any CPU
		{3CD6BA10-7FFB-4196-8321-1A8593AC04F1}.Release|Any CPU.ActiveCfg = Release|Any CPU
		{3CD6BA10-7FFB-4196-8321-1A8593AC04F1}.Release|Any CPU.Build.0 = Release|Any CPU
		{3CD6BA10-7FFB-4196-8321-1A8593AC04F1}.Release|x64.ActiveCfg = Release|Any CPU
		{3CD6BA10-7FFB-4196-8321-1A8593AC04F1}.Release|x64.Build.0 = Release|Any CPU
		{3CD6BA10-7FFB-4196-8321-1A8593AC04F1}.Release|x86.ActiveCfg = Release|Any CPU
		{3CD6BA10-7FFB-4196-8321-1A8593AC04F1}.Release|x86.Build.0 = Release|Any CPU
		{CDAFE306-ACAD-40EE-872C-67E3C69A6773}.Debug|Any CPU.ActiveCfg = Debug|Any CPU
		{CDAFE306-ACAD-40EE-872C-67E3C69A6773}.Debug|Any CPU.Build.0 = Debug|Any CPU
		{CDAFE306-ACAD-40EE-872C-67E3C69A6773}.Debug|x64.ActiveCfg = Debug|Any CPU
		{CDAFE306-ACAD-40EE-872C-67E3C69A6773}.Debug|x64.Build.0 = Debug|Any CPU
		{CDAFE306-ACAD-40EE-872C-67E3C69A6773}.Debug|x86.ActiveCfg = Debug|Any CPU
		{CDAFE306-ACAD-40EE-872C-67E3C69A6773}.Debug|x86.Build.0 = Debug|Any CPU
		{CDAFE306-ACAD-40EE-872C-67E3C69A6773}.Release|Any CPU.ActiveCfg = Release|Any CPU
		{CDAFE306-ACAD-40EE-872C-67E3C69A6773}.Release|Any CPU.Build.0 = Release|Any CPU
		{CDAFE306-ACAD-40EE-872C-67E3C69A6773}.Release|x64.ActiveCfg = Release|Any CPU
		{CDAFE306-ACAD-40EE-872C-67E3C69A6773}.Release|x64.Build.0 = Release|Any CPU
		{CDAFE306-ACAD-40EE-872C-67E3C69A6773}.Release|x86.ActiveCfg = Release|Any CPU
		{CDAFE306-ACAD-40EE-872C-67E3C69A6773}.Release|x86.Build.0 = Release|Any CPU
		{429C0D54-2622-44DD-83AD-74DF85548497}.Debug|Any CPU.ActiveCfg = Debug|Any CPU
		{429C0D54-2622-44DD-83AD-74DF85548497}.Debug|Any CPU.Build.0 = Debug|Any CPU
		{429C0D54-2622-44DD-83AD-74DF85548497}.Debug|x64.ActiveCfg = Debug|Any CPU
		{429C0D54-2622-44DD-83AD-74DF85548497}.Debug|x64.Build.0 = Debug|Any CPU
		{429C0D54-2622-44DD-83AD-74DF85548497}.Debug|x86.ActiveCfg = Debug|Any CPU
		{429C0D54-2622-44DD-83AD-74DF85548497}.Debug|x86.Build.0 = Debug|Any CPU
		{429C0D54-2622-44DD-83AD-74DF85548497}.Release|Any CPU.ActiveCfg = Release|Any CPU
		{429C0D54-2622-44DD-83AD-74DF85548497}.Release|Any CPU.Build.0 = Release|Any CPU
		{429C0D54-2622-44DD-83AD-74DF85548497}.Release|x64.ActiveCfg = Release|Any CPU
		{429C0D54-2622-44DD-83AD-74DF85548497}.Release|x64.Build.0 = Release|Any CPU
		{429C0D54-2622-44DD-83AD-74DF85548497}.Release|x86.ActiveCfg = Release|Any CPU
		{429C0D54-2622-44DD-83AD-74DF85548497}.Release|x86.Build.0 = Release|Any CPU
		{DF39CED1-A862-463A-BB81-6901F2DFE6DA}.Debug|Any CPU.ActiveCfg = Debug|Any CPU
		{DF39CED1-A862-463A-BB81-6901F2DFE6DA}.Debug|Any CPU.Build.0 = Debug|Any CPU
		{DF39CED1-A862-463A-BB81-6901F2DFE6DA}.Debug|x64.ActiveCfg = Debug|Any CPU
		{DF39CED1-A862-463A-BB81-6901F2DFE6DA}.Debug|x64.Build.0 = Debug|Any CPU
		{DF39CED1-A862-463A-BB81-6901F2DFE6DA}.Debug|x86.ActiveCfg = Debug|Any CPU
		{DF39CED1-A862-463A-BB81-6901F2DFE6DA}.Debug|x86.Build.0 = Debug|Any CPU
		{DF39CED1-A862-463A-BB81-6901F2DFE6DA}.Release|Any CPU.ActiveCfg = Release|Any CPU
		{DF39CED1-A862-463A-BB81-6901F2DFE6DA}.Release|Any CPU.Build.0 = Release|Any CPU
		{DF39CED1-A862-463A-BB81-6901F2DFE6DA}.Release|x64.ActiveCfg = Release|Any CPU
		{DF39CED1-A862-463A-BB81-6901F2DFE6DA}.Release|x64.Build.0 = Release|Any CPU
		{DF39CED1-A862-463A-BB81-6901F2DFE6DA}.Release|x86.ActiveCfg = Release|Any CPU
		{DF39CED1-A862-463A-BB81-6901F2DFE6DA}.Release|x86.Build.0 = Release|Any CPU
		{8C103557-F8EF-48E9-B3F0-E742E5C372FE}.Debug|Any CPU.ActiveCfg = Debug|Any CPU
		{8C103557-F8EF-48E9-B3F0-E742E5C372FE}.Debug|Any CPU.Build.0 = Debug|Any CPU
		{8C103557-F8EF-48E9-B3F0-E742E5C372FE}.Debug|x64.ActiveCfg = Debug|Any CPU
		{8C103557-F8EF-48E9-B3F0-E742E5C372FE}.Debug|x64.Build.0 = Debug|Any CPU
		{8C103557-F8EF-48E9-B3F0-E742E5C372FE}.Debug|x86.ActiveCfg = Debug|Any CPU
		{8C103557-F8EF-48E9-B3F0-E742E5C372FE}.Debug|x86.Build.0 = Debug|Any CPU
		{8C103557-F8EF-48E9-B3F0-E742E5C372FE}.Release|Any CPU.ActiveCfg = Release|Any CPU
		{8C103557-F8EF-48E9-B3F0-E742E5C372FE}.Release|Any CPU.Build.0 = Release|Any CPU
		{8C103557-F8EF-48E9-B3F0-E742E5C372FE}.Release|x64.ActiveCfg = Release|Any CPU
		{8C103557-F8EF-48E9-B3F0-E742E5C372FE}.Release|x64.Build.0 = Release|Any CPU
		{8C103557-F8EF-48E9-B3F0-E742E5C372FE}.Release|x86.ActiveCfg = Release|Any CPU
		{8C103557-F8EF-48E9-B3F0-E742E5C372FE}.Release|x86.Build.0 = Release|Any CPU
		{BA4A907F-7567-4B42-BB29-810BF867F041}.Debug|Any CPU.ActiveCfg = Debug|Any CPU
		{BA4A907F-7567-4B42-BB29-810BF867F041}.Debug|Any CPU.Build.0 = Debug|Any CPU
		{BA4A907F-7567-4B42-BB29-810BF867F041}.Debug|x64.ActiveCfg = Debug|Any CPU
		{BA4A907F-7567-4B42-BB29-810BF867F041}.Debug|x64.Build.0 = Debug|Any CPU
		{BA4A907F-7567-4B42-BB29-810BF867F041}.Debug|x86.ActiveCfg = Debug|Any CPU
		{BA4A907F-7567-4B42-BB29-810BF867F041}.Debug|x86.Build.0 = Debug|Any CPU
		{BA4A907F-7567-4B42-BB29-810BF867F041}.Release|Any CPU.ActiveCfg = Release|Any CPU
		{BA4A907F-7567-4B42-BB29-810BF867F041}.Release|Any CPU.Build.0 = Release|Any CPU
		{BA4A907F-7567-4B42-BB29-810BF867F041}.Release|x64.ActiveCfg = Release|Any CPU
		{BA4A907F-7567-4B42-BB29-810BF867F041}.Release|x64.Build.0 = Release|Any CPU
		{BA4A907F-7567-4B42-BB29-810BF867F041}.Release|x86.ActiveCfg = Release|Any CPU
		{BA4A907F-7567-4B42-BB29-810BF867F041}.Release|x86.Build.0 = Release|Any CPU
		{104872C6-B312-4379-A4C6-1698359BA526}.Debug|Any CPU.ActiveCfg = Debug|Any CPU
		{104872C6-B312-4379-A4C6-1698359BA526}.Debug|Any CPU.Build.0 = Debug|Any CPU
		{104872C6-B312-4379-A4C6-1698359BA526}.Debug|x64.ActiveCfg = Debug|Any CPU
		{104872C6-B312-4379-A4C6-1698359BA526}.Debug|x64.Build.0 = Debug|Any CPU
		{104872C6-B312-4379-A4C6-1698359BA526}.Debug|x86.ActiveCfg = Debug|Any CPU
		{104872C6-B312-4379-A4C6-1698359BA526}.Debug|x86.Build.0 = Debug|Any CPU
		{104872C6-B312-4379-A4C6-1698359BA526}.Release|Any CPU.ActiveCfg = Release|Any CPU
		{104872C6-B312-4379-A4C6-1698359BA526}.Release|Any CPU.Build.0 = Release|Any CPU
		{104872C6-B312-4379-A4C6-1698359BA526}.Release|x64.ActiveCfg = Release|Any CPU
		{104872C6-B312-4379-A4C6-1698359BA526}.Release|x64.Build.0 = Release|Any CPU
		{104872C6-B312-4379-A4C6-1698359BA526}.Release|x86.ActiveCfg = Release|Any CPU
		{104872C6-B312-4379-A4C6-1698359BA526}.Release|x86.Build.0 = Release|Any CPU
		{27BA8AB8-9ADD-43D3-B98C-3194002B1879}.Debug|Any CPU.ActiveCfg = Debug|Any CPU
		{27BA8AB8-9ADD-43D3-B98C-3194002B1879}.Debug|Any CPU.Build.0 = Debug|Any CPU
		{27BA8AB8-9ADD-43D3-B98C-3194002B1879}.Debug|x64.ActiveCfg = Debug|Any CPU
		{27BA8AB8-9ADD-43D3-B98C-3194002B1879}.Debug|x64.Build.0 = Debug|Any CPU
		{27BA8AB8-9ADD-43D3-B98C-3194002B1879}.Debug|x86.ActiveCfg = Debug|Any CPU
		{27BA8AB8-9ADD-43D3-B98C-3194002B1879}.Debug|x86.Build.0 = Debug|Any CPU
		{27BA8AB8-9ADD-43D3-B98C-3194002B1879}.Release|Any CPU.ActiveCfg = Release|Any CPU
		{27BA8AB8-9ADD-43D3-B98C-3194002B1879}.Release|Any CPU.Build.0 = Release|Any CPU
		{27BA8AB8-9ADD-43D3-B98C-3194002B1879}.Release|x64.ActiveCfg = Release|Any CPU
		{27BA8AB8-9ADD-43D3-B98C-3194002B1879}.Release|x64.Build.0 = Release|Any CPU
		{27BA8AB8-9ADD-43D3-B98C-3194002B1879}.Release|x86.ActiveCfg = Release|Any CPU
		{27BA8AB8-9ADD-43D3-B98C-3194002B1879}.Release|x86.Build.0 = Release|Any CPU
		{2BAAD907-5FB7-4B42-995A-6882B1A8D88F}.Debug|Any CPU.ActiveCfg = Debug|Any CPU
		{2BAAD907-5FB7-4B42-995A-6882B1A8D88F}.Debug|Any CPU.Build.0 = Debug|Any CPU
		{2BAAD907-5FB7-4B42-995A-6882B1A8D88F}.Debug|x64.ActiveCfg = Debug|Any CPU
		{2BAAD907-5FB7-4B42-995A-6882B1A8D88F}.Debug|x64.Build.0 = Debug|Any CPU
		{2BAAD907-5FB7-4B42-995A-6882B1A8D88F}.Debug|x86.ActiveCfg = Debug|Any CPU
		{2BAAD907-5FB7-4B42-995A-6882B1A8D88F}.Debug|x86.Build.0 = Debug|Any CPU
		{2BAAD907-5FB7-4B42-995A-6882B1A8D88F}.Release|Any CPU.ActiveCfg = Release|Any CPU
		{2BAAD907-5FB7-4B42-995A-6882B1A8D88F}.Release|Any CPU.Build.0 = Release|Any CPU
		{2BAAD907-5FB7-4B42-995A-6882B1A8D88F}.Release|x64.ActiveCfg = Release|Any CPU
		{2BAAD907-5FB7-4B42-995A-6882B1A8D88F}.Release|x64.Build.0 = Release|Any CPU
		{2BAAD907-5FB7-4B42-995A-6882B1A8D88F}.Release|x86.ActiveCfg = Release|Any CPU
		{2BAAD907-5FB7-4B42-995A-6882B1A8D88F}.Release|x86.Build.0 = Release|Any CPU
		{7025B1FD-3B15-4509-BA11-2B33059E273A}.Debug|Any CPU.ActiveCfg = Debug|Any CPU
		{7025B1FD-3B15-4509-BA11-2B33059E273A}.Debug|Any CPU.Build.0 = Debug|Any CPU
		{7025B1FD-3B15-4509-BA11-2B33059E273A}.Debug|x64.ActiveCfg = Debug|Any CPU
		{7025B1FD-3B15-4509-BA11-2B33059E273A}.Debug|x64.Build.0 = Debug|Any CPU
		{7025B1FD-3B15-4509-BA11-2B33059E273A}.Debug|x86.ActiveCfg = Debug|Any CPU
		{7025B1FD-3B15-4509-BA11-2B33059E273A}.Debug|x86.Build.0 = Debug|Any CPU
		{7025B1FD-3B15-4509-BA11-2B33059E273A}.Release|Any CPU.ActiveCfg = Release|Any CPU
		{7025B1FD-3B15-4509-BA11-2B33059E273A}.Release|Any CPU.Build.0 = Release|Any CPU
		{7025B1FD-3B15-4509-BA11-2B33059E273A}.Release|x64.ActiveCfg = Release|Any CPU
		{7025B1FD-3B15-4509-BA11-2B33059E273A}.Release|x64.Build.0 = Release|Any CPU
		{7025B1FD-3B15-4509-BA11-2B33059E273A}.Release|x86.ActiveCfg = Release|Any CPU
		{7025B1FD-3B15-4509-BA11-2B33059E273A}.Release|x86.Build.0 = Release|Any CPU
		{1BFEFC7B-68DD-41D2-A4B3-AF784D14FAA6}.Debug|Any CPU.ActiveCfg = Debug|Any CPU
		{1BFEFC7B-68DD-41D2-A4B3-AF784D14FAA6}.Debug|Any CPU.Build.0 = Debug|Any CPU
		{1BFEFC7B-68DD-41D2-A4B3-AF784D14FAA6}.Debug|x64.ActiveCfg = Debug|Any CPU
		{1BFEFC7B-68DD-41D2-A4B3-AF784D14FAA6}.Debug|x64.Build.0 = Debug|Any CPU
		{1BFEFC7B-68DD-41D2-A4B3-AF784D14FAA6}.Debug|x86.ActiveCfg = Debug|Any CPU
		{1BFEFC7B-68DD-41D2-A4B3-AF784D14FAA6}.Debug|x86.Build.0 = Debug|Any CPU
		{1BFEFC7B-68DD-41D2-A4B3-AF784D14FAA6}.Release|Any CPU.ActiveCfg = Release|Any CPU
		{1BFEFC7B-68DD-41D2-A4B3-AF784D14FAA6}.Release|Any CPU.Build.0 = Release|Any CPU
		{1BFEFC7B-68DD-41D2-A4B3-AF784D14FAA6}.Release|x64.ActiveCfg = Release|Any CPU
		{1BFEFC7B-68DD-41D2-A4B3-AF784D14FAA6}.Release|x64.Build.0 = Release|Any CPU
		{1BFEFC7B-68DD-41D2-A4B3-AF784D14FAA6}.Release|x86.ActiveCfg = Release|Any CPU
		{1BFEFC7B-68DD-41D2-A4B3-AF784D14FAA6}.Release|x86.Build.0 = Release|Any CPU
		{81E07EDC-798A-4CC9-A1AB-7869D528DDCE}.Debug|Any CPU.ActiveCfg = Debug|Any CPU
		{81E07EDC-798A-4CC9-A1AB-7869D528DDCE}.Debug|Any CPU.Build.0 = Debug|Any CPU
		{81E07EDC-798A-4CC9-A1AB-7869D528DDCE}.Debug|x64.ActiveCfg = Debug|Any CPU
		{81E07EDC-798A-4CC9-A1AB-7869D528DDCE}.Debug|x64.Build.0 = Debug|Any CPU
		{81E07EDC-798A-4CC9-A1AB-7869D528DDCE}.Debug|x86.ActiveCfg = Debug|Any CPU
		{81E07EDC-798A-4CC9-A1AB-7869D528DDCE}.Debug|x86.Build.0 = Debug|Any CPU
		{81E07EDC-798A-4CC9-A1AB-7869D528DDCE}.Release|Any CPU.ActiveCfg = Release|Any CPU
		{81E07EDC-798A-4CC9-A1AB-7869D528DDCE}.Release|Any CPU.Build.0 = Release|Any CPU
		{81E07EDC-798A-4CC9-A1AB-7869D528DDCE}.Release|x64.ActiveCfg = Release|Any CPU
		{81E07EDC-798A-4CC9-A1AB-7869D528DDCE}.Release|x64.Build.0 = Release|Any CPU
		{81E07EDC-798A-4CC9-A1AB-7869D528DDCE}.Release|x86.ActiveCfg = Release|Any CPU
		{81E07EDC-798A-4CC9-A1AB-7869D528DDCE}.Release|x86.Build.0 = Release|Any CPU
		{F3125B05-99F8-4D81-B50E-4AF188356C18}.Debug|Any CPU.ActiveCfg = Debug|Any CPU
		{F3125B05-99F8-4D81-B50E-4AF188356C18}.Debug|Any CPU.Build.0 = Debug|Any CPU
		{F3125B05-99F8-4D81-B50E-4AF188356C18}.Debug|x64.ActiveCfg = Debug|Any CPU
		{F3125B05-99F8-4D81-B50E-4AF188356C18}.Debug|x64.Build.0 = Debug|Any CPU
		{F3125B05-99F8-4D81-B50E-4AF188356C18}.Debug|x86.ActiveCfg = Debug|Any CPU
		{F3125B05-99F8-4D81-B50E-4AF188356C18}.Debug|x86.Build.0 = Debug|Any CPU
		{F3125B05-99F8-4D81-B50E-4AF188356C18}.Release|Any CPU.ActiveCfg = Release|Any CPU
		{F3125B05-99F8-4D81-B50E-4AF188356C18}.Release|Any CPU.Build.0 = Release|Any CPU
		{F3125B05-99F8-4D81-B50E-4AF188356C18}.Release|x64.ActiveCfg = Release|Any CPU
		{F3125B05-99F8-4D81-B50E-4AF188356C18}.Release|x64.Build.0 = Release|Any CPU
		{F3125B05-99F8-4D81-B50E-4AF188356C18}.Release|x86.ActiveCfg = Release|Any CPU
		{F3125B05-99F8-4D81-B50E-4AF188356C18}.Release|x86.Build.0 = Release|Any CPU
		{226D90F8-0CF1-4DEA-B57A-A80E4929D2C1}.Debug|Any CPU.ActiveCfg = Debug|Any CPU
		{226D90F8-0CF1-4DEA-B57A-A80E4929D2C1}.Debug|Any CPU.Build.0 = Debug|Any CPU
		{226D90F8-0CF1-4DEA-B57A-A80E4929D2C1}.Debug|x64.ActiveCfg = Debug|Any CPU
		{226D90F8-0CF1-4DEA-B57A-A80E4929D2C1}.Debug|x64.Build.0 = Debug|Any CPU
		{226D90F8-0CF1-4DEA-B57A-A80E4929D2C1}.Debug|x86.ActiveCfg = Debug|Any CPU
		{226D90F8-0CF1-4DEA-B57A-A80E4929D2C1}.Debug|x86.Build.0 = Debug|Any CPU
		{226D90F8-0CF1-4DEA-B57A-A80E4929D2C1}.Release|Any CPU.ActiveCfg = Release|Any CPU
		{226D90F8-0CF1-4DEA-B57A-A80E4929D2C1}.Release|Any CPU.Build.0 = Release|Any CPU
		{226D90F8-0CF1-4DEA-B57A-A80E4929D2C1}.Release|x64.ActiveCfg = Release|Any CPU
		{226D90F8-0CF1-4DEA-B57A-A80E4929D2C1}.Release|x64.Build.0 = Release|Any CPU
		{226D90F8-0CF1-4DEA-B57A-A80E4929D2C1}.Release|x86.ActiveCfg = Release|Any CPU
		{226D90F8-0CF1-4DEA-B57A-A80E4929D2C1}.Release|x86.Build.0 = Release|Any CPU
		{F103BB37-EF86-4551-948C-FBF352161A63}.Debug|Any CPU.ActiveCfg = Debug|Any CPU
		{F103BB37-EF86-4551-948C-FBF352161A63}.Debug|Any CPU.Build.0 = Debug|Any CPU
		{F103BB37-EF86-4551-948C-FBF352161A63}.Debug|x64.ActiveCfg = Debug|Any CPU
		{F103BB37-EF86-4551-948C-FBF352161A63}.Debug|x64.Build.0 = Debug|Any CPU
		{F103BB37-EF86-4551-948C-FBF352161A63}.Debug|x86.ActiveCfg = Debug|Any CPU
		{F103BB37-EF86-4551-948C-FBF352161A63}.Debug|x86.Build.0 = Debug|Any CPU
		{F103BB37-EF86-4551-948C-FBF352161A63}.Release|Any CPU.ActiveCfg = Release|Any CPU
		{F103BB37-EF86-4551-948C-FBF352161A63}.Release|Any CPU.Build.0 = Release|Any CPU
		{F103BB37-EF86-4551-948C-FBF352161A63}.Release|x64.ActiveCfg = Release|Any CPU
		{F103BB37-EF86-4551-948C-FBF352161A63}.Release|x64.Build.0 = Release|Any CPU
		{F103BB37-EF86-4551-948C-FBF352161A63}.Release|x86.ActiveCfg = Release|Any CPU
		{F103BB37-EF86-4551-948C-FBF352161A63}.Release|x86.Build.0 = Release|Any CPU
		{AA8D11E5-25AA-4E9F-A3C2-86E868F23FAE}.Debug|Any CPU.ActiveCfg = Debug|Any CPU
		{AA8D11E5-25AA-4E9F-A3C2-86E868F23FAE}.Debug|Any CPU.Build.0 = Debug|Any CPU
		{AA8D11E5-25AA-4E9F-A3C2-86E868F23FAE}.Debug|x64.ActiveCfg = Debug|Any CPU
		{AA8D11E5-25AA-4E9F-A3C2-86E868F23FAE}.Debug|x64.Build.0 = Debug|Any CPU
		{AA8D11E5-25AA-4E9F-A3C2-86E868F23FAE}.Debug|x86.ActiveCfg = Debug|Any CPU
		{AA8D11E5-25AA-4E9F-A3C2-86E868F23FAE}.Debug|x86.Build.0 = Debug|Any CPU
		{AA8D11E5-25AA-4E9F-A3C2-86E868F23FAE}.Release|Any CPU.ActiveCfg = Release|Any CPU
		{AA8D11E5-25AA-4E9F-A3C2-86E868F23FAE}.Release|Any CPU.Build.0 = Release|Any CPU
		{AA8D11E5-25AA-4E9F-A3C2-86E868F23FAE}.Release|x64.ActiveCfg = Release|Any CPU
		{AA8D11E5-25AA-4E9F-A3C2-86E868F23FAE}.Release|x64.Build.0 = Release|Any CPU
		{AA8D11E5-25AA-4E9F-A3C2-86E868F23FAE}.Release|x86.ActiveCfg = Release|Any CPU
		{AA8D11E5-25AA-4E9F-A3C2-86E868F23FAE}.Release|x86.Build.0 = Release|Any CPU
		{2DA916B4-E3CF-4757-8254-3245F2A87CE8}.Debug|Any CPU.ActiveCfg = Debug|Any CPU
		{2DA916B4-E3CF-4757-8254-3245F2A87CE8}.Debug|Any CPU.Build.0 = Debug|Any CPU
		{2DA916B4-E3CF-4757-8254-3245F2A87CE8}.Debug|x64.ActiveCfg = Debug|Any CPU
		{2DA916B4-E3CF-4757-8254-3245F2A87CE8}.Debug|x64.Build.0 = Debug|Any CPU
		{2DA916B4-E3CF-4757-8254-3245F2A87CE8}.Debug|x86.ActiveCfg = Debug|Any CPU
		{2DA916B4-E3CF-4757-8254-3245F2A87CE8}.Debug|x86.Build.0 = Debug|Any CPU
		{2DA916B4-E3CF-4757-8254-3245F2A87CE8}.Release|Any CPU.ActiveCfg = Release|Any CPU
		{2DA916B4-E3CF-4757-8254-3245F2A87CE8}.Release|Any CPU.Build.0 = Release|Any CPU
		{2DA916B4-E3CF-4757-8254-3245F2A87CE8}.Release|x64.ActiveCfg = Release|Any CPU
		{2DA916B4-E3CF-4757-8254-3245F2A87CE8}.Release|x64.Build.0 = Release|Any CPU
		{2DA916B4-E3CF-4757-8254-3245F2A87CE8}.Release|x86.ActiveCfg = Release|Any CPU
		{2DA916B4-E3CF-4757-8254-3245F2A87CE8}.Release|x86.Build.0 = Release|Any CPU
		{D7466A39-BEB0-46B1-A565-30A27DCD113B}.Debug|Any CPU.ActiveCfg = Debug|Any CPU
		{D7466A39-BEB0-46B1-A565-30A27DCD113B}.Debug|Any CPU.Build.0 = Debug|Any CPU
		{D7466A39-BEB0-46B1-A565-30A27DCD113B}.Debug|x64.ActiveCfg = Debug|Any CPU
		{D7466A39-BEB0-46B1-A565-30A27DCD113B}.Debug|x64.Build.0 = Debug|Any CPU
		{D7466A39-BEB0-46B1-A565-30A27DCD113B}.Debug|x86.ActiveCfg = Debug|Any CPU
		{D7466A39-BEB0-46B1-A565-30A27DCD113B}.Debug|x86.Build.0 = Debug|Any CPU
		{D7466A39-BEB0-46B1-A565-30A27DCD113B}.Release|Any CPU.ActiveCfg = Release|Any CPU
		{D7466A39-BEB0-46B1-A565-30A27DCD113B}.Release|Any CPU.Build.0 = Release|Any CPU
		{D7466A39-BEB0-46B1-A565-30A27DCD113B}.Release|x64.ActiveCfg = Release|Any CPU
		{D7466A39-BEB0-46B1-A565-30A27DCD113B}.Release|x64.Build.0 = Release|Any CPU
		{D7466A39-BEB0-46B1-A565-30A27DCD113B}.Release|x86.ActiveCfg = Release|Any CPU
		{D7466A39-BEB0-46B1-A565-30A27DCD113B}.Release|x86.Build.0 = Release|Any CPU
		{8DB726F0-C271-40B7-9CFE-5ED1B07DE398}.Debug|Any CPU.ActiveCfg = Debug|Any CPU
		{8DB726F0-C271-40B7-9CFE-5ED1B07DE398}.Debug|Any CPU.Build.0 = Debug|Any CPU
		{8DB726F0-C271-40B7-9CFE-5ED1B07DE398}.Debug|x64.ActiveCfg = Debug|Any CPU
		{8DB726F0-C271-40B7-9CFE-5ED1B07DE398}.Debug|x64.Build.0 = Debug|Any CPU
		{8DB726F0-C271-40B7-9CFE-5ED1B07DE398}.Debug|x86.ActiveCfg = Debug|Any CPU
		{8DB726F0-C271-40B7-9CFE-5ED1B07DE398}.Debug|x86.Build.0 = Debug|Any CPU
		{8DB726F0-C271-40B7-9CFE-5ED1B07DE398}.Release|Any CPU.ActiveCfg = Release|Any CPU
		{8DB726F0-C271-40B7-9CFE-5ED1B07DE398}.Release|Any CPU.Build.0 = Release|Any CPU
		{8DB726F0-C271-40B7-9CFE-5ED1B07DE398}.Release|x64.ActiveCfg = Release|Any CPU
		{8DB726F0-C271-40B7-9CFE-5ED1B07DE398}.Release|x64.Build.0 = Release|Any CPU
		{8DB726F0-C271-40B7-9CFE-5ED1B07DE398}.Release|x86.ActiveCfg = Release|Any CPU
		{8DB726F0-C271-40B7-9CFE-5ED1B07DE398}.Release|x86.Build.0 = Release|Any CPU
		{BEB11B55-B4FD-434B-847C-24B44AF99C6D}.Debug|Any CPU.ActiveCfg = Debug|Any CPU
		{BEB11B55-B4FD-434B-847C-24B44AF99C6D}.Debug|Any CPU.Build.0 = Debug|Any CPU
		{BEB11B55-B4FD-434B-847C-24B44AF99C6D}.Debug|x64.ActiveCfg = Debug|Any CPU
		{BEB11B55-B4FD-434B-847C-24B44AF99C6D}.Debug|x64.Build.0 = Debug|Any CPU
		{BEB11B55-B4FD-434B-847C-24B44AF99C6D}.Debug|x86.ActiveCfg = Debug|Any CPU
		{BEB11B55-B4FD-434B-847C-24B44AF99C6D}.Debug|x86.Build.0 = Debug|Any CPU
		{BEB11B55-B4FD-434B-847C-24B44AF99C6D}.Release|Any CPU.ActiveCfg = Release|Any CPU
		{BEB11B55-B4FD-434B-847C-24B44AF99C6D}.Release|Any CPU.Build.0 = Release|Any CPU
		{BEB11B55-B4FD-434B-847C-24B44AF99C6D}.Release|x64.ActiveCfg = Release|Any CPU
		{BEB11B55-B4FD-434B-847C-24B44AF99C6D}.Release|x64.Build.0 = Release|Any CPU
		{BEB11B55-B4FD-434B-847C-24B44AF99C6D}.Release|x86.ActiveCfg = Release|Any CPU
		{BEB11B55-B4FD-434B-847C-24B44AF99C6D}.Release|x86.Build.0 = Release|Any CPU
		{099753B3-D7BE-4D20-BA4F-644E4D4F95C7}.Debug|Any CPU.ActiveCfg = Debug|Any CPU
		{099753B3-D7BE-4D20-BA4F-644E4D4F95C7}.Debug|Any CPU.Build.0 = Debug|Any CPU
		{099753B3-D7BE-4D20-BA4F-644E4D4F95C7}.Debug|x64.ActiveCfg = Debug|Any CPU
		{099753B3-D7BE-4D20-BA4F-644E4D4F95C7}.Debug|x64.Build.0 = Debug|Any CPU
		{099753B3-D7BE-4D20-BA4F-644E4D4F95C7}.Debug|x86.ActiveCfg = Debug|Any CPU
		{099753B3-D7BE-4D20-BA4F-644E4D4F95C7}.Debug|x86.Build.0 = Debug|Any CPU
		{099753B3-D7BE-4D20-BA4F-644E4D4F95C7}.Release|Any CPU.ActiveCfg = Release|Any CPU
		{099753B3-D7BE-4D20-BA4F-644E4D4F95C7}.Release|Any CPU.Build.0 = Release|Any CPU
		{099753B3-D7BE-4D20-BA4F-644E4D4F95C7}.Release|x64.ActiveCfg = Release|Any CPU
		{099753B3-D7BE-4D20-BA4F-644E4D4F95C7}.Release|x64.Build.0 = Release|Any CPU
		{099753B3-D7BE-4D20-BA4F-644E4D4F95C7}.Release|x86.ActiveCfg = Release|Any CPU
		{099753B3-D7BE-4D20-BA4F-644E4D4F95C7}.Release|x86.Build.0 = Release|Any CPU
		{96D5AD2D-DF5F-466A-BAD3-D0CF7B6969A0}.Debug|Any CPU.ActiveCfg = Debug|Any CPU
		{96D5AD2D-DF5F-466A-BAD3-D0CF7B6969A0}.Debug|Any CPU.Build.0 = Debug|Any CPU
		{96D5AD2D-DF5F-466A-BAD3-D0CF7B6969A0}.Debug|x64.ActiveCfg = Debug|Any CPU
		{96D5AD2D-DF5F-466A-BAD3-D0CF7B6969A0}.Debug|x64.Build.0 = Debug|Any CPU
		{96D5AD2D-DF5F-466A-BAD3-D0CF7B6969A0}.Debug|x86.ActiveCfg = Debug|Any CPU
		{96D5AD2D-DF5F-466A-BAD3-D0CF7B6969A0}.Debug|x86.Build.0 = Debug|Any CPU
		{96D5AD2D-DF5F-466A-BAD3-D0CF7B6969A0}.Release|Any CPU.ActiveCfg = Release|Any CPU
		{96D5AD2D-DF5F-466A-BAD3-D0CF7B6969A0}.Release|Any CPU.Build.0 = Release|Any CPU
		{96D5AD2D-DF5F-466A-BAD3-D0CF7B6969A0}.Release|x64.ActiveCfg = Release|Any CPU
		{96D5AD2D-DF5F-466A-BAD3-D0CF7B6969A0}.Release|x64.Build.0 = Release|Any CPU
		{96D5AD2D-DF5F-466A-BAD3-D0CF7B6969A0}.Release|x86.ActiveCfg = Release|Any CPU
		{96D5AD2D-DF5F-466A-BAD3-D0CF7B6969A0}.Release|x86.Build.0 = Release|Any CPU
		{EE4439E9-AACA-4074-AB6B-91A5A97F858F}.Debug|Any CPU.ActiveCfg = Debug|Any CPU
		{EE4439E9-AACA-4074-AB6B-91A5A97F858F}.Debug|Any CPU.Build.0 = Debug|Any CPU
		{EE4439E9-AACA-4074-AB6B-91A5A97F858F}.Debug|x64.ActiveCfg = Debug|Any CPU
		{EE4439E9-AACA-4074-AB6B-91A5A97F858F}.Debug|x64.Build.0 = Debug|Any CPU
		{EE4439E9-AACA-4074-AB6B-91A5A97F858F}.Debug|x86.ActiveCfg = Debug|Any CPU
		{EE4439E9-AACA-4074-AB6B-91A5A97F858F}.Debug|x86.Build.0 = Debug|Any CPU
		{EE4439E9-AACA-4074-AB6B-91A5A97F858F}.Release|Any CPU.ActiveCfg = Release|Any CPU
		{EE4439E9-AACA-4074-AB6B-91A5A97F858F}.Release|Any CPU.Build.0 = Release|Any CPU
		{EE4439E9-AACA-4074-AB6B-91A5A97F858F}.Release|x64.ActiveCfg = Release|Any CPU
		{EE4439E9-AACA-4074-AB6B-91A5A97F858F}.Release|x64.Build.0 = Release|Any CPU
		{EE4439E9-AACA-4074-AB6B-91A5A97F858F}.Release|x86.ActiveCfg = Release|Any CPU
		{EE4439E9-AACA-4074-AB6B-91A5A97F858F}.Release|x86.Build.0 = Release|Any CPU
	EndGlobalSection
	GlobalSection(SolutionProperties) = preSolution
		HideSolutionNode = FALSE
	EndGlobalSection
	GlobalSection(NestedProjects) = preSolution
		{914530A2-65B9-4608-A82C-7E4E94309C15} = {A10A91C2-6485-6656-963B-F6FCBC812542}
		{3523AF70-8F75-4A1A-BF2D-422576A5BEF9} = {881589EE-639B-0A35-DBCE-5D94E4FC90C0}
		{EAA1C964-43E6-407A-96AF-9CE4512FE354} = {881589EE-639B-0A35-DBCE-5D94E4FC90C0}
		{F4087CF5-0B5D-4F28-85F4-EA73832C234E} = {881589EE-639B-0A35-DBCE-5D94E4FC90C0}
		{E342C87D-C6DE-4B95-9B41-5964CCBAB1CA} = {0AB3BF05-4346-4AA6-1389-037BE0695223}
		{EB2A86CD-E781-4D90-BE05-5B5FB046D13B} = {0AB3BF05-4346-4AA6-1389-037BE0695223}
		{C4EC9178-73AF-471B-84F6-2BD7473215ED} = {881589EE-639B-0A35-DBCE-5D94E4FC90C0}
		{E97D6200-04BB-3C6B-958C-F5C3D7CC0B21} = {9792E6E2-564B-9699-7DA2-9F7194AE82F6}
		{70E858D2-8224-46CC-9B6B-2AA7D90B79BE} = {E97D6200-04BB-3C6B-958C-F5C3D7CC0B21}
		{B7EB4086-7AF4-4C16-A6B4-8D168CD3318E} = {E97D6200-04BB-3C6B-958C-F5C3D7CC0B21}
		{444FBBF7-51ED-4809-8B87-407D56569CBF} = {0AB3BF05-4346-4AA6-1389-037BE0695223}
		{F86EA8EF-DF04-3EAB-926F-AD80452D5758} = {9792E6E2-564B-9699-7DA2-9F7194AE82F6}
		{1725C505-704E-46F3-86BE-3B486576C67B} = {F86EA8EF-DF04-3EAB-926F-AD80452D5758}
		{27BB85B7-10BB-433C-B0FB-E3C374D269EB} = {F86EA8EF-DF04-3EAB-926F-AD80452D5758}
		{7E851C73-F931-40A2-AD8E-B74D8F12A227} = {0AB3BF05-4346-4AA6-1389-037BE0695223}
		{B0991A2B-7CAB-9F13-4542-32A5CC079B81} = {9792E6E2-564B-9699-7DA2-9F7194AE82F6}
		{8E83844B-8682-4F71-B171-4730E3295AB3} = {B0991A2B-7CAB-9F13-4542-32A5CC079B81}
		{3CD6BA10-7FFB-4196-8321-1A8593AC04F1} = {B0991A2B-7CAB-9F13-4542-32A5CC079B81}
		{CDAFE306-ACAD-40EE-872C-67E3C69A6773} = {0AB3BF05-4346-4AA6-1389-037BE0695223}
		{429C0D54-2622-44DD-83AD-74DF85548497} = {0AB3BF05-4346-4AA6-1389-037BE0695223}
		{445FC201-B9BC-929B-F7BB-AA0358E5A1FF} = {9792E6E2-564B-9699-7DA2-9F7194AE82F6}
		{DF39CED1-A862-463A-BB81-6901F2DFE6DA} = {445FC201-B9BC-929B-F7BB-AA0358E5A1FF}
		{8C103557-F8EF-48E9-B3F0-E742E5C372FE} = {445FC201-B9BC-929B-F7BB-AA0358E5A1FF}
		{BA4A907F-7567-4B42-BB29-810BF867F041} = {0AB3BF05-4346-4AA6-1389-037BE0695223}
		{104872C6-B312-4379-A4C6-1698359BA526} = {A10A91C2-6485-6656-963B-F6FCBC812542}
		{EC7A101C-5100-2383-AD4D-983620236C2B} = {9792E6E2-564B-9699-7DA2-9F7194AE82F6}
		{27BA8AB8-9ADD-43D3-B98C-3194002B1879} = {EC7A101C-5100-2383-AD4D-983620236C2B}
		{2BAAD907-5FB7-4B42-995A-6882B1A8D88F} = {EC7A101C-5100-2383-AD4D-983620236C2B}
		{7025B1FD-3B15-4509-BA11-2B33059E273A} = {0AB3BF05-4346-4AA6-1389-037BE0695223}
		{9E24F755-5D80-203A-F1C6-C8BB7E7851BE} = {9792E6E2-564B-9699-7DA2-9F7194AE82F6}
		{1BFEFC7B-68DD-41D2-A4B3-AF784D14FAA6} = {9E24F755-5D80-203A-F1C6-C8BB7E7851BE}
		{81E07EDC-798A-4CC9-A1AB-7869D528DDCE} = {9E24F755-5D80-203A-F1C6-C8BB7E7851BE}
		{F3125B05-99F8-4D81-B50E-4AF188356C18} = {0AB3BF05-4346-4AA6-1389-037BE0695223}
		{226D90F8-0CF1-4DEA-B57A-A80E4929D2C1} = {0AB3BF05-4346-4AA6-1389-037BE0695223}
		{D7D5C5E0-691F-3CC1-6D84-21729492A314} = {9792E6E2-564B-9699-7DA2-9F7194AE82F6}
		{F103BB37-EF86-4551-948C-FBF352161A63} = {D7D5C5E0-691F-3CC1-6D84-21729492A314}
		{AA8D11E5-25AA-4E9F-A3C2-86E868F23FAE} = {D7D5C5E0-691F-3CC1-6D84-21729492A314}
		{2DA916B4-E3CF-4757-8254-3245F2A87CE8} = {0AB3BF05-4346-4AA6-1389-037BE0695223}
		{D6598D5D-3A42-0083-35DE-D0FBBC3AF068} = {9792E6E2-564B-9699-7DA2-9F7194AE82F6}
		{D7466A39-BEB0-46B1-A565-30A27DCD113B} = {D6598D5D-3A42-0083-35DE-D0FBBC3AF068}
		{8DB726F0-C271-40B7-9CFE-5ED1B07DE398} = {D6598D5D-3A42-0083-35DE-D0FBBC3AF068}
		{BEB11B55-B4FD-434B-847C-24B44AF99C6D} = {0AB3BF05-4346-4AA6-1389-037BE0695223}
		{FB3A08BD-1297-8078-E253-57285C292FCA} = {9792E6E2-564B-9699-7DA2-9F7194AE82F6}
		{099753B3-D7BE-4D20-BA4F-644E4D4F95C7} = {FB3A08BD-1297-8078-E253-57285C292FCA}
		{96D5AD2D-DF5F-466A-BAD3-D0CF7B6969A0} = {FB3A08BD-1297-8078-E253-57285C292FCA}
		{EE4439E9-AACA-4074-AB6B-91A5A97F858F} = {0AB3BF05-4346-4AA6-1389-037BE0695223}
	EndGlobalSection
EndGlobal
