
Microsoft Visual Studio Solution File, Format Version 12.00
# Visual Studio Version 17
VisualStudioVersion = 17.0.31903.59
MinimumVisualStudioVersion = 10.0.40219.1
Project("{2150E333-8FDC-42A3-9474-1A3956D46DE8}") = "applications", "applications", "{A10A91C2-6485-6656-963B-F6FCBC812542}"
EndProject
Project("{FAE04EC0-301F-11D3-BF4B-00C04F79EFBC}") = "OpenGitBase.Api", "applications\OpenGitBase.Api\OpenGitBase.Api.csproj", "{914530A2-65B9-4608-A82C-7E4E94309C15}"
EndProject
Project("{2150E333-8FDC-42A3-9474-1A3956D46DE8}") = "common", "common", "{881589EE-639B-0A35-DBCE-5D94E4FC90C0}"
EndProject
Project("{FAE04EC0-301F-11D3-BF4B-00C04F79EFBC}") = "OpenGitBase.Cqrs", "common\OpenGitBase.Cqrs\OpenGitBase.Cqrs.csproj", "{3523AF70-8F75-4A1A-BF2D-422576A5BEF9}"
EndProject
Project("{FAE04EC0-301F-11D3-BF4B-00C04F79EFBC}") = "OpenGitBase.Cqrs.EfCore", "common\OpenGitBase.Cqrs.EfCore\OpenGitBase.Cqrs.EfCore.csproj", "{EAA1C964-43E6-407A-96AF-9CE4512FE354}"
EndProject
Project("{FAE04EC0-301F-11D3-BF4B-00C04F79EFBC}") = "OpenGitBase.Common", "common\OpenGitBase.Common\OpenGitBase.Common.csproj", "{F4087CF5-0B5D-4F28-85F4-EA73832C234E}"
EndProject
Project("{2150E333-8FDC-42A3-9474-1A3956D46DE8}") = "tests", "tests", "{0AB3BF05-4346-4AA6-1389-037BE0695223}"
EndProject
Project("{FAE04EC0-301F-11D3-BF4B-00C04F79EFBC}") = "OpenGitBase.Common.Tests", "tests\OpenGitBase.Common.Tests\OpenGitBase.Common.Tests.csproj", "{E342C87D-C6DE-4B95-9B41-5964CCBAB1CA}"
EndProject
Project("{FAE04EC0-301F-11D3-BF4B-00C04F79EFBC}") = "OpenGitBase.Api.Tests", "tests\OpenGitBase.Api.Tests\OpenGitBase.Api.Tests.csproj", "{EB2A86CD-E781-4D90-BE05-5B5FB046D13B}"
EndProject
Project("{FAE04EC0-301F-11D3-BF4B-00C04F79EFBC}") = "OpenGitBase.Common.SendGrid", "common\OpenGitBase.Common.SendGrid\OpenGitBase.Common.SendGrid.csproj", "{C4EC9178-73AF-471B-84F6-2BD7473215ED}"
EndProject
Project("{2150E333-8FDC-42A3-9474-1A3956D46DE8}") = "features", "features", "{9792E6E2-564B-9699-7DA2-9F7194AE82F6}"
EndProject
Project("{2150E333-8FDC-42A3-9474-1A3956D46DE8}") = "users", "users", "{E97D6200-04BB-3C6B-958C-F5C3D7CC0B21}"
EndProject
Project("{FAE04EC0-301F-11D3-BF4B-00C04F79EFBC}") = "OpenGitBase.Features.Users.Contracts", "features\users\OpenGitBase.Features.Users.Contracts\OpenGitBase.Features.Users.Contracts.csproj", "{70E858D2-8224-46CC-9B6B-2AA7D90B79BE}"
EndProject
Project("{FAE04EC0-301F-11D3-BF4B-00C04F79EFBC}") = "OpenGitBase.Features.Users", "features\users\OpenGitBase.Features.Users\OpenGitBase.Features.Users.csproj", "{B7EB4086-7AF4-4C16-A6B4-8D168CD3318E}"
EndProject
Project("{FAE04EC0-301F-11D3-BF4B-00C04F79EFBC}") = "OpenGitBase.Features.Users.Tests", "tests\OpenGitBase.Features.Users.Tests\OpenGitBase.Features.Users.Tests.csproj", "{444FBBF7-51ED-4809-8B87-407D56569CBF}"
EndProject
Global
	GlobalSection(SolutionConfigurationPlatforms) = preSolution
		Debug|Any CPU = Debug|Any CPU
		Debug|x64 = Debug|x64
		Debug|x86 = Debug|x86
		Release|Any CPU = Release|Any CPU
		Release|x64 = Release|x64
		Release|x86 = Release|x86
	EndGlobalSection
	GlobalSection(ProjectConfigurationPlatforms) = postSolution
		{914530A2-65B9-4608-A82C-7E4E94309C15}.Debug|Any CPU.ActiveCfg = Debug|Any CPU
		{914530A2-65B9-4608-A82C-7E4E94309C15}.Debug|Any CPU.Build.0 = Debug|Any CPU
		{914530A2-65B9-4608-A82C-7E4E94309C15}.Debug|x64.ActiveCfg = Debug|Any CPU
		{914530A2-65B9-4608-A82C-7E4E94309C15}.Debug|x64.Build.0 = Debug|Any CPU
		{914530A2-65B9-4608-A82C-7E4E94309C15}.Debug|x86.ActiveCfg = Debug|Any CPU
		{914530A2-65B9-4608-A82C-7E4E94309C15}.Debug|x86.Build.0 = Debug|Any CPU
		{914530A2-65B9-4608-A82C-7E4E94309C15}.Release|Any CPU.ActiveCfg = Release|Any CPU
		{914530A2-65B9-4608-A82C-7E4E94309C15}.Release|Any CPU.Build.0 = Release|Any CPU
		{914530A2-65B9-4608-A82C-7E4E94309C15}.Release|x64.ActiveCfg = Release|Any CPU
		{914530A2-65B9-4608-A82C-7E4E94309C15}.Release|x64.Build.0 = Release|Any CPU
		{914530A2-65B9-4608-A82C-7E4E94309C15}.Release|x86.ActiveCfg = Release|Any CPU
		{914530A2-65B9-4608-A82C-7E4E94309C15}.Release|x86.Build.0 = Release|Any CPU
		{3523AF70-8F75-4A1A-BF2D-422576A5BEF9}.Debug|Any CPU.ActiveCfg = Debug|Any CPU
		{3523AF70-8F75-4A1A-BF2D-422576A5BEF9}.Debug|Any CPU.Build.0 = Debug|Any CPU
		{3523AF70-8F75-4A1A-BF2D-422576A5BEF9}.Debug|x64.ActiveCfg = Debug|Any CPU
		{3523AF70-8F75-4A1A-BF2D-422576A5BEF9}.Debug|x64.Build.0 = Debug|Any CPU
		{3523AF70-8F75-4A1A-BF2D-422576A5BEF9}.Debug|x86.ActiveCfg = Debug|Any CPU
		{3523AF70-8F75-4A1A-BF2D-422576A5BEF9}.Debug|x86.Build.0 = Debug|Any CPU
		{3523AF70-8F75-4A1A-BF2D-422576A5BEF9}.Release|Any CPU.ActiveCfg = Release|Any CPU
		{3523AF70-8F75-4A1A-BF2D-422576A5BEF9}.Release|Any CPU.Build.0 = Release|Any CPU
		{3523AF70-8F75-4A1A-BF2D-422576A5BEF9}.Release|x64.ActiveCfg = Release|Any CPU
		{3523AF70-8F75-4A1A-BF2D-422576A5BEF9}.Release|x64.Build.0 = Release|Any CPU
		{3523AF70-8F75-4A1A-BF2D-422576A5BEF9}.Release|x86.ActiveCfg = Release|Any CPU
		{3523AF70-8F75-4A1A-BF2D-422576A5BEF9}.Release|x86.Build.0 = Release|Any CPU
		{EAA1C964-43E6-407A-96AF-9CE4512FE354}.Debug|Any CPU.ActiveCfg = Debug|Any CPU
		{EAA1C964-43E6-407A-96AF-9CE4512FE354}.Debug|Any CPU.Build.0 = Debug|Any CPU
		{EAA1C964-43E6-407A-96AF-9CE4512FE354}.Debug|x64.ActiveCfg = Debug|Any CPU
		{EAA1C964-43E6-407A-96AF-9CE4512FE354}.Debug|x64.Build.0 = Debug|Any CPU
		{EAA1C964-43E6-407A-96AF-9CE4512FE354}.Debug|x86.ActiveCfg = Debug|Any CPU
		{EAA1C964-43E6-407A-96AF-9CE4512FE354}.Debug|x86.Build.0 = Debug|Any CPU
		{EAA1C964-43E6-407A-96AF-9CE4512FE354}.Release|Any CPU.ActiveCfg = Release|Any CPU
		{EAA1C964-43E6-407A-96AF-9CE4512FE354}.Release|Any CPU.Build.0 = Release|Any CPU
		{EAA1C964-43E6-407A-96AF-9CE4512FE354}.Release|x64.ActiveCfg = Release|Any CPU
		{EAA1C964-43E6-407A-96AF-9CE4512FE354}.Release|x64.Build.0 = Release|Any CPU
		{EAA1C964-43E6-407A-96AF-9CE4512FE354}.Release|x86.ActiveCfg = Release|Any CPU
		{EAA1C964-43E6-407A-96AF-9CE4512FE354}.Release|x86.Build.0 = Release|Any CPU
		{F4087CF5-0B5D-4F28-85F4-EA73832C234E}.Debug|Any CPU.ActiveCfg = Debug|Any CPU
		{F4087CF5-0B5D-4F28-85F4-EA73832C234E}.Debug|Any CPU.Build.0 = Debug|Any CPU
		{F4087CF5-0B5D-4F28-85F4-EA73832C234E}.Debug|x64.ActiveCfg = Debug|Any CPU
		{F4087CF5-0B5D-4F28-85F4-EA73832C234E}.Debug|x64.Build.0 = Debug|Any CPU
		{F4087CF5-0B5D-4F28-85F4-EA73832C234E}.Debug|x86.ActiveCfg = Debug|Any CPU
		{F4087CF5-0B5D-4F28-85F4-EA73832C234E}.Debug|x86.Build.0 = Debug|Any CPU
		{F4087CF5-0B5D-4F28-85F4-EA73832C234E}.Release|Any CPU.ActiveCfg = Release|Any CPU
		{F4087CF5-0B5D-4F28-85F4-EA73832C234E}.Release|Any CPU.Build.0 = Release|Any CPU
		{F4087CF5-0B5D-4F28-85F4-EA73832C234E}.Release|x64.ActiveCfg = Release|Any CPU
		{F4087CF5-0B5D-4F28-85F4-EA73832C234E}.Release|x64.Build.0 = Release|Any CPU
		{F4087CF5-0B5D-4F28-85F4-EA73832C234E}.Release|x86.ActiveCfg = Release|Any CPU
		{F4087CF5-0B5D-4F28-85F4-EA73832C234E}.Release|x86.Build.0 = Release|Any CPU
		{E342C87D-C6DE-4B95-9B41-5964CCBAB1CA}.Debug|Any CPU.ActiveCfg = Debug|Any CPU
		{E342C87D-C6DE-4B95-9B41-5964CCBAB1CA}.Debug|Any CPU.Build.0 = Debug|Any CPU
		{E342C87D-C6DE-4B95-9B41-5964CCBAB1CA}.Debug|x64.ActiveCfg = Debug|Any CPU
		{E342C87D-C6DE-4B95-9B41-5964CCBAB1CA}.Debug|x64.Build.0 = Debug|Any CPU
		{E342C87D-C6DE-4B95-9B41-5964CCBAB1CA}.Debug|x86.ActiveCfg = Debug|Any CPU
		{E342C87D-C6DE-4B95-9B41-5964CCBAB1CA}.Debug|x86.Build.0 = Debug|Any CPU
		{E342C87D-C6DE-4B95-9B41-5964CCBAB1CA}.Release|Any CPU.ActiveCfg = Release|Any CPU
		{E342C87D-C6DE-4B95-9B41-5964CCBAB1CA}.Release|Any CPU.Build.0 = Release|Any CPU
		{E342C87D-C6DE-4B95-9B41-5964CCBAB1CA}.Release|x64.ActiveCfg = Release|Any CPU
		{E342C87D-C6DE-4B95-9B41-5964CCBAB1CA}.Release|x64.Build.0 = Release|Any CPU
		{E342C87D-C6DE-4B95-9B41-5964CCBAB1CA}.Release|x86.ActiveCfg = Release|Any CPU
		{E342C87D-C6DE-4B95-9B41-5964CCBAB1CA}.Release|x86.Build.0 = Release|Any CPU
		{EB2A86CD-E781-4D90-BE05-5B5FB046D13B}.Debug|Any CPU.ActiveCfg = Debug|Any CPU
		{EB2A86CD-E781-4D90-BE05-5B5FB046D13B}.Debug|Any CPU.Build.0 = Debug|Any CPU
		{EB2A86CD-E781-4D90-BE05-5B5FB046D13B}.Debug|x64.ActiveCfg = Debug|Any CPU
		{EB2A86CD-E781-4D90-BE05-5B5FB046D13B}.Debug|x64.Build.0 = Debug|Any CPU
		{EB2A86CD-E781-4D90-BE05-5B5FB046D13B}.Debug|x86.ActiveCfg = Debug|Any CPU
		{EB2A86CD-E781-4D90-BE05-5B5FB046D13B}.Debug|x86.Build.0 = Debug|Any CPU
		{EB2A86CD-E781-4D90-BE05-5B5FB046D13B}.Release|Any CPU.ActiveCfg = Release|Any CPU
		{EB2A86CD-E781-4D90-BE05-5B5FB046D13B}.Release|Any CPU.Build.0 = Release|Any CPU
		{EB2A86CD-E781-4D90-BE05-5B5FB046D13B}.Release|x64.ActiveCfg = Release|Any CPU
		{EB2A86CD-E781-4D90-BE05-5B5FB046D13B}.Release|x64.Build.0 = Release|Any CPU
		{EB2A86CD-E781-4D90-BE05-5B5FB046D13B}.Release|x86.ActiveCfg = Release|Any CPU
		{EB2A86CD-E781-4D90-BE05-5B5FB046D13B}.Release|x86.Build.0 = Release|Any CPU
		{C4EC9178-73AF-471B-84F6-2BD7473215ED}.Debug|Any CPU.ActiveCfg = Debug|Any CPU
		{C4EC9178-73AF-471B-84F6-2BD7473215ED}.Debug|Any CPU.Build.0 = Debug|Any CPU
		{C4EC9178-73AF-471B-84F6-2BD7473215ED}.Debug|x64.ActiveCfg = Debug|Any CPU
		{C4EC9178-73AF-471B-84F6-2BD7473215ED}.Debug|x64.Build.0 = Debug|Any CPU
		{C4EC9178-73AF-471B-84F6-2BD7473215ED}.Debug|x86.ActiveCfg = Debug|Any CPU
		{C4EC9178-73AF-471B-84F6-2BD7473215ED}.Debug|x86.Build.0 = Debug|Any CPU
		{C4EC9178-73AF-471B-84F6-2BD7473215ED}.Release|Any CPU.ActiveCfg = Release|Any CPU
		{C4EC9178-73AF-471B-84F6-2BD7473215ED}.Release|Any CPU.Build.0 = Release|Any CPU
		{C4EC9178-73AF-471B-84F6-2BD7473215ED}.Release|x64.ActiveCfg = Release|Any CPU
		{C4EC9178-73AF-471B-84F6-2BD7473215ED}.Release|x64.Build.0 = Release|Any CPU
		{C4EC9178-73AF-471B-84F6-2BD7473215ED}.Release|x86.ActiveCfg = Release|Any CPU
		{C4EC9178-73AF-471B-84F6-2BD7473215ED}.Release|x86.Build.0 = Release|Any CPU
		{70E858D2-8224-46CC-9B6B-2AA7D90B79BE}.Debug|Any CPU.ActiveCfg = Debug|Any CPU
		{70E858D2-8224-46CC-9B6B-2AA7D90B79BE}.Debug|Any CPU.Build.0 = Debug|Any CPU
		{70E858D2-8224-46CC-9B6B-2AA7D90B79BE}.Debug|x64.ActiveCfg = Debug|Any CPU
		{70E858D2-8224-46CC-9B6B-2AA7D90B79BE}.Debug|x64.Build.0 = Debug|Any CPU
		{70E858D2-8224-46CC-9B6B-2AA7D90B79BE}.Debug|x86.ActiveCfg = Debug|Any CPU
		{70E858D2-8224-46CC-9B6B-2AA7D90B79BE}.Debug|x86.Build.0 = Debug|Any CPU
		{70E858D2-8224-46CC-9B6B-2AA7D90B79BE}.Release|Any CPU.ActiveCfg = Release|Any CPU
		{70E858D2-8224-46CC-9B6B-2AA7D90B79BE}.Release|Any CPU.Build.0 = Release|Any CPU
		{70E858D2-8224-46CC-9B6B-2AA7D90B79BE}.Release|x64.ActiveCfg = Release|Any CPU
		{70E858D2-8224-46CC-9B6B-2AA7D90B79BE}.Release|x64.Build.0 = Release|Any CPU
		{70E858D2-8224-46CC-9B6B-2AA7D90B79BE}.Release|x86.ActiveCfg = Release|Any CPU
		{70E858D2-8224-46CC-9B6B-2AA7D90B79BE}.Release|x86.Build.0 = Release|Any CPU
		{B7EB4086-7AF4-4C16-A6B4-8D168CD3318E}.Debug|Any CPU.ActiveCfg = Debug|Any CPU
		{B7EB4086-7AF4-4C16-A6B4-8D168CD3318E}.Debug|Any CPU.Build.0 = Debug|Any CPU
		{B7EB4086-7AF4-4C16-A6B4-8D168CD3318E}.Debug|x64.ActiveCfg = Debug|Any CPU
		{B7EB4086-7AF4-4C16-A6B4-8D168CD3318E}.Debug|x64.Build.0 = Debug|Any CPU
		{B7EB4086-7AF4-4C16-A6B4-8D168CD3318E}.Debug|x86.ActiveCfg = Debug|Any CPU
		{B7EB4086-7AF4-4C16-A6B4-8D168CD3318E}.Debug|x86.Build.0 = Debug|Any CPU
		{B7EB4086-7AF4-4C16-A6B4-8D168CD3318E}.Release|Any CPU.ActiveCfg = Release|Any CPU
		{B7EB4086-7AF4-4C16-A6B4-8D168CD3318E}.Release|Any CPU.Build.0 = Release|Any CPU
		{B7EB4086-7AF4-4C16-A6B4-8D168CD3318E}.Release|x64.ActiveCfg = Release|Any CPU
		{B7EB4086-7AF4-4C16-A6B4-8D168CD3318E}.Release|x64.Build.0 = Release|Any CPU
		{B7EB4086-7AF4-4C16-A6B4-8D168CD3318E}.Release|x86.ActiveCfg = Release|Any CPU
		{B7EB4086-7AF4-4C16-A6B4-8D168CD3318E}.Release|x86.Build.0 = Release|Any CPU
		{444FBBF7-51ED-4809-8B87-407D56569CBF}.Debug|Any CPU.ActiveCfg = Debug|Any CPU
		{444FBBF7-51ED-4809-8B87-407D56569CBF}.Debug|Any CPU.Build.0 = Debug|Any CPU
		{444FBBF7-51ED-4809-8B87-407D56569CBF}.Debug|x64.ActiveCfg = Debug|Any CPU
		{444FBBF7-51ED-4809-8B87-407D56569CBF}.Debug|x64.Build.0 = Debug|Any CPU
		{444FBBF7-51ED-4809-8B87-407D56569CBF}.Debug|x86.ActiveCfg = Debug|Any CPU
		{444FBBF7-51ED-4809-8B87-407D56569CBF}.Debug|x86.Build.0 = Debug|Any CPU
		{444FBBF7-51ED-4809-8B87-407D56569CBF}.Release|Any CPU.ActiveCfg = Release|Any CPU
		{444FBBF7-51ED-4809-8B87-407D56569CBF}.Release|Any CPU.Build.0 = Release|Any CPU
		{444FBBF7-51ED-4809-8B87-407D56569CBF}.Release|x64.ActiveCfg = Release|Any CPU
		{444FBBF7-51ED-4809-8B87-407D56569CBF}.Release|x64.Build.0 = Release|Any CPU
		{444FBBF7-51ED-4809-8B87-407D56569CBF}.Release|x86.ActiveCfg = Release|Any CPU
		{444FBBF7-51ED-4809-8B87-407D56569CBF}.Release|x86.Build.0 = Release|Any CPU
	EndGlobalSection
	GlobalSection(SolutionProperties) = preSolution
		HideSolutionNode = FALSE
	EndGlobalSection
	GlobalSection(NestedProjects) = preSolution
		{914530A2-65B9-4608-A82C-7E4E94309C15} = {A10A91C2-6485-6656-963B-F6FCBC812542}
		{3523AF70-8F75-4A1A-BF2D-422576A5BEF9} = {881589EE-639B-0A35-DBCE-5D94E4FC90C0}
		{EAA1C964-43E6-407A-96AF-9CE4512FE354} = {881589EE-639B-0A35-DBCE-5D94E4FC90C0}
		{F4087CF5-0B5D-4F28-85F4-EA73832C234E} = {881589EE-639B-0A35-DBCE-5D94E4FC90C0}
		{E342C87D-C6DE-4B95-9B41-5964CCBAB1CA} = {0AB3BF05-4346-4AA6-1389-037BE0695223}
		{EB2A86CD-E781-4D90-BE05-5B5FB046D13B} = {0AB3BF05-4346-4AA6-1389-037BE0695223}
		{C4EC9178-73AF-471B-84F6-2BD7473215ED} = {881589EE-639B-0A35-DBCE-5D94E4FC90C0}
		{E97D6200-04BB-3C6B-958C-F5C3D7CC0B21} = {9792E6E2-564B-9699-7DA2-9F7194AE82F6}
		{70E858D2-8224-46CC-9B6B-2AA7D90B79BE} = {E97D6200-04BB-3C6B-958C-F5C3D7CC0B21}
		{B7EB4086-7AF4-4C16-A6B4-8D168CD3318E} = {E97D6200-04BB-3C6B-958C-F5C3D7CC0B21}
		{444FBBF7-51ED-4809-8B87-407D56569CBF} = {0AB3BF05-4346-4AA6-1389-037BE0695223}
	EndGlobalSection
EndGlobal
